// !$*UTF8*$!
{
	archiveVersion = 1;
	classes = {
	};
	objectVersion = 34;
	objects = {
		080E96DCFE201CFB7F000001 = {
			fileRef = 29B97318FDCFA39411CA2CEA;
			isa = PBXBuildFile;
			settings = {
			};
		};
		080E96DDFE201D6D7F000001 = {
			children = (
				F53369F60218261B01A80165,
				F527284D0221B4E801A80164,
				F527284E0221B4E801A80164,
				F5375A6A0246DDEB01A80164,
				F5C523D902A326B701A80165,
				F54436B9027F6AD501A80164,
				F5DE1D8E022845A201A80164,
				F569E33802498D1101A80164,
				F576358B0298AE4E01A80166,
				F5B9D9E402B1D61C01A8016B,
			);
			isa = PBXGroup;
			name = Classes;
			refType = 4;
		};
		089C165CFE840E0CC02AAC07 = {
			children = (
				089C165DFE840E0CC02AAC07,
			);
			isa = PBXVariantGroup;
			name = InfoPlist.strings;
			refType = 4;
		};
		089C165DFE840E0CC02AAC07 = {
			fileEncoding = 10;
			isa = PBXFileReference;
			name = English;
			path = English.lproj/InfoPlist.strings;
			refType = 4;
		};
		089C165EFE840E0CC02AAC07 = {
			fileRef = 089C165CFE840E0CC02AAC07;
			isa = PBXBuildFile;
			settings = {
			};
		};
//080
//081
//082
//083
//084
//100
//101
//102
//103
//104
		1058C7A0FEA54F0111CA2CBB = {
			children = (
				1058C7A1FEA54F0111CA2CBB,
			);
			isa = PBXGroup;
			name = "Linked Frameworks";
			refType = 4;
		};
		1058C7A1FEA54F0111CA2CBB = {
			isa = PBXFrameworkReference;
			name = Cocoa.framework;
			path = /System/Library/Frameworks/Cocoa.framework;
			refType = 0;
		};
		1058C7A2FEA54F0111CA2CBB = {
			children = (
				F536582302A89F0D01A8016A,
				29B97325FDCFA39411CA2CEA,
				29B97324FDCFA39411CA2CEA,
			);
			isa = PBXGroup;
			name = "Other Frameworks";
			refType = 4;
		};
		1058C7A3FEA54F0111CA2CBB = {
			fileRef = 1058C7A1FEA54F0111CA2CBB;
			isa = PBXBuildFile;
			settings = {
			};
		};
//100
//101
//102
//103
//104
//170
//171
//172
//173
//174
		17587328FF379C6511CA2CBB = {
			isa = PBXApplicationReference;
			path = FinkCommander.app;
			refType = 3;
		};
//170
//171
//172
//173
//174
//190
//191
//192
//193
//194
		19C28FACFE9D520D11CA2CBB = {
			children = (
				17587328FF379C6511CA2CBB,
			);
			isa = PBXGroup;
			name = Products;
			refType = 4;
		};
//190
//191
//192
//193
//194
//290
//291
//292
//293
//294
		29B97313FDCFA39411CA2CEA = {
			buildStyles = (
				4A9504CCFFE6A4B311CA0CBA,
				4A9504CDFFE6A4B311CA0CBA,
			);
			isa = PBXProject;
			mainGroup = 29B97314FDCFA39411CA2CEA;
			projectDirPath = "";
			targets = (
				29B97326FDCFA39411CA2CEA,
			);
		};
		29B97314FDCFA39411CA2CEA = {
			children = (
				F54A055E029C9F0101A80166,
				080E96DDFE201D6D7F000001,
				F53B283802879DF201A80164,
				29B97315FDCFA39411CA2CEA,
				29B97317FDCFA39411CA2CEA,
				29B97323FDCFA39411CA2CEA,
				19C28FACFE9D520D11CA2CBB,
				F5BBDFAC023AF87D01A80164,
			);
			isa = PBXGroup;
			name = FinkTable;
			path = "";
			refType = 4;
		};
		29B97315FDCFA39411CA2CEA = {
			children = (
				29B97316FDCFA39411CA2CEA,
			);
			isa = PBXGroup;
			name = "Other Sources";
			path = "";
			refType = 4;
		};
		29B97316FDCFA39411CA2CEA = {
			isa = PBXFileReference;
			path = main.m;
			refType = 4;
		};
		29B97317FDCFA39411CA2CEA = {
			children = (
				29B97318FDCFA39411CA2CEA,
				F5375A6C0246DE1901A80164,
				F5C523DC02A33E0A01A80165,
				089C165CFE840E0CC02AAC07,
				F538C3C5023496DC01A80164,
				F531463F022C801601A80164,
				F5D3F481025306EB01A80164,
				F5C1B062026BFA2501A80164,
			);
			isa = PBXGroup;
			name = Resources;
			path = "";
			refType = 4;
		};
		29B97318FDCFA39411CA2CEA = {
			children = (
				29B97319FDCFA39411CA2CEA,
			);
			isa = PBXVariantGroup;
			name = MainMenu.nib;
			path = "";
			refType = 4;
		};
		29B97319FDCFA39411CA2CEA = {
			isa = PBXFileReference;
			name = English;
			path = English.lproj/MainMenu.nib;
			refType = 4;
		};
		29B97323FDCFA39411CA2CEA = {
			children = (
				1058C7A0FEA54F0111CA2CBB,
				1058C7A2FEA54F0111CA2CBB,
			);
			isa = PBXGroup;
			name = Frameworks;
			path = "";
			refType = 4;
		};
		29B97324FDCFA39411CA2CEA = {
			isa = PBXFrameworkReference;
			name = AppKit.framework;
			path = /System/Library/Frameworks/AppKit.framework;
			refType = 0;
		};
		29B97325FDCFA39411CA2CEA = {
			isa = PBXFrameworkReference;
			name = Foundation.framework;
			path = /System/Library/Frameworks/Foundation.framework;
			refType = 0;
		};
		29B97326FDCFA39411CA2CEA = {
			buildPhases = (
				29B97327FDCFA39411CA2CEA,
				29B97328FDCFA39411CA2CEA,
				29B9732BFDCFA39411CA2CEA,
				29B9732DFDCFA39411CA2CEA,
			);
			buildSettings = {
				FRAMEWORK_SEARCH_PATHS = "";
				HEADER_SEARCH_PATHS = "";
				INSTALL_PATH = /Applications;
				LIBRARY_SEARCH_PATHS = "";
				OTHER_CFLAGS = "";
				OTHER_LDFLAGS = "";
				PRODUCT_NAME = FinkCommander;
				SECTORDER_FLAGS = "";
				WARNING_CFLAGS = "-Wmost -Wno-four-char-constants -Wno-unknown-pragmas";
				WRAPPER_EXTENSION = app;
			};
			dependencies = (
			);
			isa = PBXApplicationTarget;
			name = FinkCommander;
			productInstallPath = /Applications;
			productName = FinkTable;
			productReference = 17587328FF379C6511CA2CBB;
			productSettingsXML = "<?xml version=\"1.0\" encoding=\"UTF-8\"?>
<!DOCTYPE plist SYSTEM \"file://localhost/System/Library/DTDs/PropertyList.dtd\">
<plist version=\"0.9\">
<dict>
	<key>CFBundleDevelopmentRegion</key>
	<string>English</string>
	<key>CFBundleExecutable</key>
	<string>FinkCommander</string>
	<key>CFBundleHelpBookFolder</key>
	<string>FinkCommander Help</string>
	<key>CFBundleHelpBookName</key>
	<string>FinkCommander Help</string>
	<key>CFBundleIconFile</key>
	<string>Darwinfinch.icns</string>
	<key>CFBundleIdentifier</key>
	<string>com.sburrious.finkcommander</string>
	<key>CFBundleInfoDictionaryVersion</key>
	<string>6.0</string>
	<key>CFBundlePackageType</key>
	<string>APPL</string>
	<key>CFBundleShortVersionString</key>
	<string>0.4</string>
	<key>CFBundleSignature</key>
	<string>????</string>
	<key>CFBundleVersion</key>
	<string>0.4.0</string>
	<key>NSAppleScriptEnabled</key>
	<string>YES</string>
	<key>NSMainNibFile</key>
	<string>MainMenu</string>
	<key>NSPrincipalClass</key>
	<string>NSApplication</string>
</dict>
</plist>
";
			shouldUseHeadermap = 1;
		};
		29B97327FDCFA39411CA2CEA = {
			buildActionMask = 2147483647;
			files = (
				F53369F70218261B01A80165,
				F527284F0221B4E801A80164,
				F52728500221B4E801A80164,
				F5DE1D90022845A201A80164,
				F5375A690246DDDC01A80164,
				F569E33902498D1101A80164,
				F54436BA027F6AD501A80164,
				F536C0400280F24501A80164,
				F576358C0298AE4E01A80166,
				F5C523DA02A326B701A80165,
				F5B9D9ED02B2B13501A8016B,
			);
			isa = PBXHeadersBuildPhase;
			name = Headers;
		};
		29B97328FDCFA39411CA2CEA = {
			buildActionMask = 2147483647;
			files = (
				080E96DCFE201CFB7F000001,
				089C165EFE840E0CC02AAC07,
				F5314640022C801601A80164,
				F538C3C3023495CF01A80164,
				F538C3C4023495CF01A80164,
				F5375A6E0246DE1901A80164,
				F5D3F482025306EB01A80164,
				F554F1DB0266AA4B01A80164,
				F59BDD91026817BF01A80164,
				F50C7FBC026BD8BD01A80164,
				F50C7FBE026BD92B01A80164,
				F5C1B063026BFA2501A80164,
				F53D651E0280296801A80164,
				F53D652002802F3101A80164,
				F542437C028CE53E01A80166,
				F542437E028CE54B01A80166,
				F5424380028CE59801A80166,
				F50A222A0296AB2901A80166,
				F51E884F02A1D1CE01A80165,
				F5C523DE02A33E0A01A80165,
				F5B9D9EB02B232D501A8016B,
			);
			isa = PBXResourcesBuildPhase;
			name = "Bundle Resources";
		};
		29B9732BFDCFA39411CA2CEA = {
			buildActionMask = 2147483647;
			files = (
				29B9732CFDCFA39411CA2CEA,
				F52728510221B4E801A80164,
				F52728520221B4E801A80164,
				F5DE1D91022845A201A80164,
				F5375A6B0246DDEB01A80164,
				F569E33A02498D1101A80164,
				F54436BB027F6AD501A80164,
				F536C0410280F24501A80164,
				F576358D0298AE4E01A80166,
				F54A055F029CA39401A80166,
				F5C523DB02A326B701A80165,
				F5B9D9E502B1D61C01A8016B,
			);
			isa = PBXSourcesBuildPhase;
			name = Sources;
		};
		29B9732CFDCFA39411CA2CEA = {
			fileRef = 29B97316FDCFA39411CA2CEA;
			isa = PBXBuildFile;
			settings = {
				ATTRIBUTES = (
				);
			};
		};
		29B9732DFDCFA39411CA2CEA = {
			buildActionMask = 2147483647;
			files = (
				1058C7A3FEA54F0111CA2CBB,
				F536582402A89F0D01A8016A,
			);
			isa = PBXFrameworksBuildPhase;
			name = "Frameworks & Libraries";
		};
//290
//291
//292
//293
//294
//4A0
//4A1
//4A2
//4A3
//4A4
		4A9504CCFFE6A4B311CA0CBA = {
			buildRules = (
			);
			buildSettings = {
				COPY_PHASE_STRIP = NO;
				OPTIMIZATION_CFLAGS = "-O0";
			};
			isa = PBXBuildStyle;
			name = Development;
		};
		4A9504CDFFE6A4B311CA0CBA = {
			buildRules = (
			);
			buildSettings = {
				COPY_PHASE_STRIP = YES;
			};
			isa = PBXBuildStyle;
			name = Deployment;
		};
//4A0
//4A1
//4A2
//4A3
//4A4
//F50
//F51
//F52
//F53
//F54
		F50A22290296AB2801A80166 = {
			isa = PBXFileReference;
			path = terminate.tiff;
			refType = 4;
		};
		F50A222A0296AB2901A80166 = {
			fileRef = F50A22290296AB2801A80166;
			isa = PBXBuildFile;
			settings = {
			};
		};
		F50C7FBB026BD8BD01A80164 = {
			isa = PBXFileReference;
			path = delsrc.tiff;
			refType = 4;
		};
		F50C7FBC026BD8BD01A80164 = {
			fileRef = F50C7FBB026BD8BD01A80164;
			isa = PBXBuildFile;
			settings = {
			};
		};
		F50C7FBD026BD92B01A80164 = {
			isa = PBXFileReference;
			path = delbin.tiff;
			refType = 4;
		};
		F50C7FBE026BD92B01A80164 = {
			fileRef = F50C7FBD026BD92B01A80164;
			isa = PBXBuildFile;
			settings = {
			};
		};
		F51E884E02A1D1CE01A80165 = {
			isa = PBXFileReference;
			path = titlebar.tiff;
			refType = 4;
		};
		F51E884F02A1D1CE01A80165 = {
			fileRef = F51E884E02A1D1CE01A80165;
			isa = PBXBuildFile;
			settings = {
			};
		};
		F527284B0221B4E801A80164 = {
			isa = PBXFileReference;
			path = FinkDataController.h;
			refType = 4;
		};
		F527284C0221B4E801A80164 = {
			isa = PBXFileReference;
			path = FinkPackage.h;
			refType = 4;
		};
		F527284D0221B4E801A80164 = {
			isa = PBXFileReference;
			path = FinkDataController.m;
			refType = 4;
		};
		F527284E0221B4E801A80164 = {
			isa = PBXFileReference;
			path = FinkPackage.m;
			refType = 4;
		};
		F527284F0221B4E801A80164 = {
			fileRef = F527284B0221B4E801A80164;
			isa = PBXBuildFile;
			settings = {
			};
		};
		F52728500221B4E801A80164 = {
			fileRef = F527284C0221B4E801A80164;
			isa = PBXBuildFile;
			settings = {
			};
		};
		F52728510221B4E801A80164 = {
			fileRef = F527284D0221B4E801A80164;
			isa = PBXBuildFile;
			settings = {
			};
		};
		F52728520221B4E801A80164 = {
			fileRef = F527284E0221B4E801A80164;
			isa = PBXBuildFile;
			settings = {
			};
		};
		F531463F022C801601A80164 = {
			isa = PBXFileReference;
			path = fpkg_list.pl;
			refType = 4;
		};
		F5314640022C801601A80164 = {
			fileRef = F531463F022C801601A80164;
			isa = PBXBuildFile;
			settings = {
			};
		};
		F53369F50218261B01A80165 = {
			isa = PBXFileReference;
			path = FinkController.h;
			refType = 4;
		};
		F53369F60218261B01A80165 = {
			isa = PBXFileReference;
			path = FinkController.m;
			refType = 4;
		};
		F53369F70218261B01A80165 = {
			fileRef = F53369F50218261B01A80165;
			isa = PBXBuildFile;
			settings = {
			};
		};
		F536582302A89F0D01A8016A = {
			isa = PBXFrameworkReference;
			name = CoreFoundation.framework;
			path = /System/Library/Frameworks/CoreFoundation.framework;
			refType = 0;
		};
		F536582402A89F0D01A8016A = {
			fileRef = F536582302A89F0D01A8016A;
			isa = PBXBuildFile;
			settings = {
			};
		};
		F536C03E0280F24501A80164 = {
			isa = PBXFileReference;
			path = SBString.h;
			refType = 4;
		};
		F536C03F0280F24501A80164 = {
			isa = PBXFileReference;
			path = SBString.m;
			refType = 4;
		};
		F536C0400280F24501A80164 = {
			fileRef = F536C03E0280F24501A80164;
			isa = PBXBuildFile;
			settings = {
			};
		};
		F536C0410280F24501A80164 = {
			fileRef = F536C03F0280F24501A80164;
			isa = PBXBuildFile;
			settings = {
			};
		};
		F5375A680246DDDC01A80164 = {
			isa = PBXFileReference;
			path = FinkPreferences.h;
			refType = 4;
		};
		F5375A690246DDDC01A80164 = {
			fileRef = F5375A680246DDDC01A80164;
			isa = PBXBuildFile;
			settings = {
			};
		};
		F5375A6A0246DDEB01A80164 = {
			isa = PBXFileReference;
			path = FinkPreferences.m;
			refType = 4;
		};
		F5375A6B0246DDEB01A80164 = {
			fileRef = F5375A6A0246DDEB01A80164;
			isa = PBXBuildFile;
			settings = {
			};
		};
		F5375A6C0246DE1901A80164 = {
			children = (
				F5375A6D0246DE1901A80164,
			);
			isa = PBXVariantGroup;
			name = Preferences.nib;
			path = "";
			refType = 4;
		};
		F5375A6D0246DE1901A80164 = {
			isa = PBXFileReference;
			name = English;
			path = English.lproj/Preferences.nib;
			refType = 4;
		};
		F5375A6E0246DE1901A80164 = {
			fileRef = F5375A6C0246DE1901A80164;
			isa = PBXBuildFile;
			settings = {
			};
		};
		F538C3C1023495CF01A80164 = {
			isa = PBXFileReference;
			path = reverse.tiff;
			refType = 4;
		};
		F538C3C2023495CF01A80164 = {
			isa = PBXFileReference;
			path = normal.tiff;
			refType = 4;
		};
		F538C3C3023495CF01A80164 = {
			fileRef = F538C3C1023495CF01A80164;
			isa = PBXBuildFile;
			settings = {
			};
		};
		F538C3C4023495CF01A80164 = {
			fileRef = F538C3C2023495CF01A80164;
			isa = PBXBuildFile;
			settings = {
			};
		};
		F538C3C5023496DC01A80164 = {
			children = (
				F538C3C1023495CF01A80164,
				F538C3C2023495CF01A80164,
				F59BDD90026817BF01A80164,
				F554F1D80266AA4B01A80164,
				F542437B028CE53E01A80166,
				F50C7FBB026BD8BD01A80164,
				F50C7FBD026BD92B01A80164,
				F53D651F02802F3101A80164,
				F5B9D9EA02B232D501A8016B,
				F53D651D0280296801A80164,
				F50A22290296AB2801A80166,
				F51E884E02A1D1CE01A80165,
				F542437D028CE54B01A80166,
				F542437F028CE59801A80166,
			);
			isa = PBXGroup;
			name = Images;
			refType = 4;
		};
		F53B283802879DF201A80164 = {
			children = (
				F536C03E0280F24501A80164,
				F536C03F0280F24501A80164,
			);
			isa = PBXGroup;
			name = Categories;
			refType = 4;
		};
		F53D651D0280296801A80164 = {
			isa = PBXFileReference;
			path = interact.tiff;
			refType = 4;
		};
		F53D651E0280296801A80164 = {
			fileRef = F53D651D0280296801A80164;
			isa = PBXBuildFile;
			settings = {
			};
		};
		F53D651F02802F3101A80164 = {
			isa = PBXFileReference;
			path = describe.tiff;
			refType = 4;
		};
		F53D652002802F3101A80164 = {
			fileRef = F53D651F02802F3101A80164;
			isa = PBXBuildFile;
			settings = {
			};
		};
		F542437B028CE53E01A80166 = {
			isa = PBXFileReference;
			path = cvs.tiff;
			refType = 4;
		};
		F542437C028CE53E01A80166 = {
			fileRef = F542437B028CE53E01A80166;
			isa = PBXBuildFile;
			settings = {
			};
		};
		F542437D028CE54B01A80166 = {
			isa = PBXFileReference;
			path = update.tiff;
			refType = 4;
		};
		F542437E028CE54B01A80166 = {
			fileRef = F542437D028CE54B01A80166;
			isa = PBXBuildFile;
			settings = {
			};
		};
		F542437F028CE59801A80166 = {
			isa = PBXFileReference;
			path = updatebin.tiff;
			refType = 4;
		};
		F5424380028CE59801A80166 = {
			fileRef = F542437F028CE59801A80166;
			isa = PBXBuildFile;
			settings = {
			};
		};
		F54436B8027F6AD501A80164 = {
			isa = PBXFileReference;
			path = FinkConf.h;
			refType = 4;
		};
		F54436B9027F6AD501A80164 = {
			isa = PBXFileReference;
			path = FinkConf.m;
			refType = 4;
		};
		F54436BA027F6AD501A80164 = {
			fileRef = F54436B8027F6AD501A80164;
			isa = PBXBuildFile;
			settings = {
			};
		};
		F54436BB027F6AD501A80164 = {
			fileRef = F54436B9027F6AD501A80164;
			isa = PBXBuildFile;
			settings = {
			};
		};
		F54A055E029C9F0101A80166 = {
			children = (
				F53369F50218261B01A80165,
				F527284B0221B4E801A80164,
				F527284C0221B4E801A80164,
				F5375A680246DDDC01A80164,
				F5C523D802A326B701A80165,
				F54436B8027F6AD501A80164,
				F5DE1D8F022845A201A80164,
				F569E33702498D1101A80164,
				F576358A0298AE4E01A80166,
				F5B9D9EC02B2B13501A8016B,
			);
			isa = PBXGroup;
			name = Headers;
			refType = 4;
		};
		F54A055F029CA39401A80166 = {
			fileRef = F53369F60218261B01A80165;
			isa = PBXBuildFile;
			settings = {
			};
		};
		F55057270231E5F701A80164 = {
			isa = PBXFileReference;
			path = LICENSE.txt;
			refType = 4;
		};
		F554F1D80266AA4B01A80164 = {
			isa = PBXFileReference;
			path = addbin.tiff;
			refType = 4;
		};
		F554F1DB0266AA4B01A80164 = {
			fileRef = F554F1D80266AA4B01A80164;
			isa = PBXBuildFile;
			settings = {
			};
		};
		F569E33702498D1101A80164 = {
			isa = PBXFileReference;
			path = FinkBasePathUtility.h;
			refType = 4;
		};
		F569E33802498D1101A80164 = {
			isa = PBXFileReference;
			path = FinkBasePathUtility.m;
			refType = 4;
		};
		F569E33902498D1101A80164 = {
			fileRef = F569E33702498D1101A80164;
			isa = PBXBuildFile;
			settings = {
			};
		};
		F569E33A02498D1101A80164 = {
			fileRef = F569E33802498D1101A80164;
			isa = PBXBuildFile;
			settings = {
			};
		};
		F576358A0298AE4E01A80166 = {
			isa = PBXFileReference;
			path = FinkProcessKiller.h;
			refType = 4;
		};
		F576358B0298AE4E01A80166 = {
			isa = PBXFileReference;
			path = FinkProcessKiller.m;
			refType = 4;
		};
		F576358C0298AE4E01A80166 = {
			fileRef = F576358A0298AE4E01A80166;
			isa = PBXBuildFile;
			settings = {
			};
		};
		F576358D0298AE4E01A80166 = {
			fileRef = F576358B0298AE4E01A80166;
			isa = PBXBuildFile;
			settings = {
			};
		};
		F59BDD90026817BF01A80164 = {
			isa = PBXFileReference;
			path = addsrc.tiff;
			refType = 4;
		};
		F59BDD91026817BF01A80164 = {
			fileRef = F59BDD90026817BF01A80164;
			isa = PBXBuildFile;
			settings = {
			};
		};
		F5B9D9E402B1D61C01A8016B = {
			isa = PBXFileReference;
			path = MyTextView.m;
			refType = 4;
		};
		F5B9D9E502B1D61C01A8016B = {
			fileRef = F5B9D9E402B1D61C01A8016B;
			isa = PBXBuildFile;
			settings = {
			};
		};
		F5B9D9EA02B232D501A8016B = {
			isa = PBXFileReference;
			path = hand.tiff;
			refType = 4;
		};
		F5B9D9EB02B232D501A8016B = {
			fileRef = F5B9D9EA02B232D501A8016B;
			isa = PBXBuildFile;
			settings = {
			};
		};
		F5B9D9EC02B2B13501A8016B = {
			isa = PBXFileReference;
			path = MyTextView.h;
			refType = 4;
		};
		F5B9D9ED02B2B13501A8016B = {
			fileRef = F5B9D9EC02B2B13501A8016B;
			isa = PBXBuildFile;
			settings = {
			};
		};
		F5BBDFAC023AF87D01A80164 = {
			children = (
				F5BBDFB1023AF8A601A80164,
				F55057270231E5F701A80164,
				F5BBDFAF023AF89301A80164,
			);
			isa = PBXGroup;
			name = Documentation;
			refType = 4;
		};
		F5BBDFAF023AF89301A80164 = {
			isa = PBXFileReference;
			path = TODO.txt;
			refType = 4;
		};
		F5BBDFB1023AF8A601A80164 = {
			isa = PBXFileReference;
			path = DESIGN.txt;
			refType = 4;
		};
		F5C1B062026BFA2501A80164 = {
			isa = PBXFolderReference;
			path = "FinkCommander Help";
			refType = 4;
		};
		F5C1B063026BFA2501A80164 = {
			fileRef = F5C1B062026BFA2501A80164;
			isa = PBXBuildFile;
			settings = {
			};
		};
		F5C523D802A326B701A80165 = {
			isa = PBXFileReference;
			path = FinkPackageInfo.h;
			refType = 4;
		};
		F5C523D902A326B701A80165 = {
			isa = PBXFileReference;
			path = FinkPackageInfo.m;
			refType = 4;
		};
		F5C523DA02A326B701A80165 = {
			fileRef = F5C523D802A326B701A80165;
			isa = PBXBuildFile;
			settings = {
			};
		};
		F5C523DB02A326B701A80165 = {
			fileRef = F5C523D902A326B701A80165;
			isa = PBXBuildFile;
			settings = {
			};
		};
		F5C523DC02A33E0A01A80165 = {
			children = (
				F5C523DD02A33E0A01A80165,
			);
			isa = PBXVariantGroup;
			name = PackageInfo.nib;
			path = "";
			refType = 4;
		};
		F5C523DD02A33E0A01A80165 = {
			isa = PBXFileReference;
			name = English;
			path = English.lproj/PackageInfo.nib;
			refType = 4;
		};
		F5C523DE02A33E0A01A80165 = {
			fileRef = F5C523DC02A33E0A01A80165;
			isa = PBXBuildFile;
			settings = {
			};
		};
		F5D3F481025306EB01A80164 = {
			isa = PBXFileReference;
			path = Darwinfinch.icns;
			refType = 4;
		};
		F5D3F482025306EB01A80164 = {
			fileRef = F5D3F481025306EB01A80164;
			isa = PBXBuildFile;
			settings = {
			};
		};
		F5DE1D8E022845A201A80164 = {
			isa = PBXFileReference;
			path = IOTaskWrapper.m;
			refType = 4;
		};
		F5DE1D8F022845A201A80164 = {
			isa = PBXFileReference;
			path = IOTaskWrapper.h;
			refType = 4;
		};
		F5DE1D90022845A201A80164 = {
			fileRef = F5DE1D8F022845A201A80164;
			isa = PBXBuildFile;
			settings = {
			};
		};
		F5DE1D91022845A201A80164 = {
			fileRef = F5DE1D8E022845A201A80164;
			isa = PBXBuildFile;
			settings = {
			};
		};
	};
	rootObject = 29B97313FDCFA39411CA2CEA;
}
