// !$*UTF8*$!
{
	archiveVersion = 1;
	classes = {
	};
	objectVersion = 46;
	objects = {

/* Begin PBXBuildFile section */
		148C8A6A10B8DA2A0013C39B /* SSHAskPass.sh in CopyFiles */ = {isa = PBXBuildFile; fileRef = 148C8A5A10B8D8D40013C39B /* SSHAskPass.sh */; };
		59E0400209CDC73B001280FD /* MainMenu.nib in Resources */ = {isa = PBXBuildFile; fileRef = 29B97318FDCFA39411CA2CEA /* MainMenu.nib */; };
		59E0400309CDC73B001280FD /* InfoPlist.strings in Resources */ = {isa = PBXBuildFile; fileRef = 089C165CFE840E0CC02AAC07 /* InfoPlist.strings */; };
		59E0400409CDC73B001280FD /* fpkg_list.pl in Resources */ = {isa = PBXBuildFile; fileRef = F531463F022C801601A80164 /* fpkg_list.pl */; };
		59E0400509CDC73B001280FD /* reverse.tiff in Resources */ = {isa = PBXBuildFile; fileRef = F538C3C1023495CF01A80164 /* reverse.tiff */; };
		59E0400609CDC73B001280FD /* normal.tiff in Resources */ = {isa = PBXBuildFile; fileRef = F538C3C2023495CF01A80164 /* normal.tiff */; };
		59E0400709CDC73B001280FD /* Preferences.nib in Resources */ = {isa = PBXBuildFile; fileRef = F5375A6C0246DE1901A80164 /* Preferences.nib */; };
		59E0400809CDC73B001280FD /* addbin.tiff in Resources */ = {isa = PBXBuildFile; fileRef = F554F1D80266AA4B01A80164 /* addbin.tiff */; };
		59E0400909CDC73B001280FD /* addsrc.tiff in Resources */ = {isa = PBXBuildFile; fileRef = F59BDD90026817BF01A80164 /* addsrc.tiff */; };
		59E0400A09CDC73B001280FD /* delsrc.tiff in Resources */ = {isa = PBXBuildFile; fileRef = F50C7FBB026BD8BD01A80164 /* delsrc.tiff */; };
		59E0400B09CDC73B001280FD /* delbin.tiff in Resources */ = {isa = PBXBuildFile; fileRef = F50C7FBD026BD92B01A80164 /* delbin.tiff */; };
		59E0400C09CDC73B001280FD /* FinkCommander Help in Resources */ = {isa = PBXBuildFile; fileRef = F56200A902FC768601A80164 /* FinkCommander Help */; };
		59E0400D09CDC73B001280FD /* interact.tiff in Resources */ = {isa = PBXBuildFile; fileRef = F53D651D0280296801A80164 /* interact.tiff */; };
		59E0400E09CDC73B001280FD /* describe.tiff in Resources */ = {isa = PBXBuildFile; fileRef = F53D651F02802F3101A80164 /* describe.tiff */; };
		59E0400F09CDC73B001280FD /* cvs.tiff in Resources */ = {isa = PBXBuildFile; fileRef = F542437B028CE53E01A80166 /* cvs.tiff */; };
		59E0401009CDC73B001280FD /* update.tiff in Resources */ = {isa = PBXBuildFile; fileRef = F542437D028CE54B01A80166 /* update.tiff */; };
		59E0401109CDC73B001280FD /* updatebin.tiff in Resources */ = {isa = PBXBuildFile; fileRef = F542437F028CE59801A80166 /* updatebin.tiff */; };
		59E0401209CDC73B001280FD /* terminate.tiff in Resources */ = {isa = PBXBuildFile; fileRef = F50A22290296AB2801A80166 /* terminate.tiff */; };
		59E0401309CDC73B001280FD /* hand.tiff in Resources */ = {isa = PBXBuildFile; fileRef = F5B9D9EA02B232D501A8016B /* hand.tiff */; };
		59E0401409CDC73B001280FD /* number.tiff in Resources */ = {isa = PBXBuildFile; fileRef = F5B9D9F402B3D67A01A8016B /* number.tiff */; };
		59E0401509CDC73B001280FD /* title.tiff in Resources */ = {isa = PBXBuildFile; fileRef = F5B9D9F502B3D67A01A8016B /* title.tiff */; };
		59E0401609CDC73B001280FD /* Credits.html in Resources */ = {isa = PBXBuildFile; fileRef = F59FF425032134BD01A80175 /* Credits.html */; };
		59E0401709CDC73B001280FD /* email.tiff in Resources */ = {isa = PBXBuildFile; fileRef = F5897AAA02C6E37B01A80166 /* email.tiff */; };
		59E0401809CDC73B001280FD /* finkcommander.icns in Resources */ = {isa = PBXBuildFile; fileRef = F5DE3CD602CAE98601A80164 /* finkcommander.icns */; };
		59E0401909CDC73B001280FD /* Localizable.strings in Resources */ = {isa = PBXBuildFile; fileRef = F568C4A202FC9D6101A80164 /* Localizable.strings */; };
		59E0401A09CDC73B001280FD /* UserDefaults.plist in Resources */ = {isa = PBXBuildFile; fileRef = F5458DBF0303658001A80164 /* UserDefaults.plist */; };
		59E0401B09CDC73B001280FD /* Toolbar.plist in Resources */ = {isa = PBXBuildFile; fileRef = F53B4D0503100C3501A80164 /* Toolbar.plist */; };
		59E0401C09CDC73B001280FD /* updateall.tiff in Resources */ = {isa = PBXBuildFile; fileRef = F50DF7770359464F01A8016C /* updateall.tiff */; };
		59E0401D09CDC73B001280FD /* Dialogs.nib in Resources */ = {isa = PBXBuildFile; fileRef = F55407F5035D334001A80170 /* Dialogs.nib */; };
		59E0401E09CDC73B001280FD /* termcvs.tiff in Resources */ = {isa = PBXBuildFile; fileRef = F5D01DAA03636FB201A80165 /* termcvs.tiff */; };
		59E0401F09CDC73B001280FD /* terminstall.tiff in Resources */ = {isa = PBXBuildFile; fileRef = F5D01DAC03636FC001A80165 /* terminstall.tiff */; };
		59E0402009CDC73B001280FD /* negemail.tiff in Resources */ = {isa = PBXBuildFile; fileRef = F53649810388930201A80164 /* negemail.tiff */; };
		59E0402109CDC73B001280FD /* posemail.tiff in Resources */ = {isa = PBXBuildFile; fileRef = F5364A1A0388964301A80164 /* posemail.tiff */; };
		59E0402209CDC73B001280FD /* finkcommanderatwork.icns in Resources */ = {isa = PBXBuildFile; fileRef = F5CA48B00394730301A80164 /* finkcommanderatwork.icns */; };
		59E0402309CDC73B001280FD /* TreeView.nib in Resources */ = {isa = PBXBuildFile; fileRef = F5C9446D039C6BE201A80164 /* TreeView.nib */; };
		59E0402409CDC73B001280FD /* Date.strings in Resources */ = {isa = PBXBuildFile; fileRef = F50EC0D503A0464101A80165 /* Date.strings */; };
		59E0402509CDC73B001280FD /* info.tiff in Resources */ = {isa = PBXBuildFile; fileRef = F57E59C103A9ABBA01A80165 /* info.tiff */; };
		59E0402609CDC73B001280FD /* outline.tiff in Resources */ = {isa = PBXBuildFile; fileRef = F5F99DB603AD4F4D01A80165 /* outline.tiff */; };
		59E0402709CDC73B001280FD /* browser.tiff in Resources */ = {isa = PBXBuildFile; fileRef = F5F99DB803AD5AC401A80165 /* browser.tiff */; };
		59E0402809CDC73B001280FD /* flag.tiff in Resources */ = {isa = PBXBuildFile; fileRef = FBEE855703B4E18400A80164 /* flag.tiff */; };
		59E0402909CDC73B001280FD /* header_flag.tiff in Resources */ = {isa = PBXBuildFile; fileRef = FBEE855803B4E18400A80164 /* header_flag.tiff */; };
		59E0402A09CDC73B001280FD /* Programmatic.strings in Resources */ = {isa = PBXBuildFile; fileRef = FBB8F6DB03BFE6E500A8016B /* Programmatic.strings */; };
		59E0402B09CDC73B001280FD /* bomb.tiff in Resources */ = {isa = PBXBuildFile; fileRef = FBCD47CD03C60D9A00A80164 /* bomb.tiff */; };
		59E0402C09CDC73B001280FD /* browse.tiff in Resources */ = {isa = PBXBuildFile; fileRef = FBCD47CE03C60D9A00A80164 /* browse.tiff */; };
		59E0402D09CDC73B001280FD /* doc.tiff in Resources */ = {isa = PBXBuildFile; fileRef = FBCD47D103C60DB000A80164 /* doc.tiff */; };
		59E0402E09CDC73B001280FD /* SBTree.strings in Resources */ = {isa = PBXBuildFile; fileRef = FB84A70903C93AF400A80164 /* SBTree.strings */; };
		59E0402F09CDC73B001280FD /* PackageInfo.nib in Resources */ = {isa = PBXBuildFile; fileRef = F2C4F1D5084361C400CA6079 /* PackageInfo.nib */; };
		59E0403109CDC73B001280FD /* main.m in Sources */ = {isa = PBXBuildFile; fileRef = 29B97316FDCFA39411CA2CEA /* main.m */; settings = {ATTRIBUTES = (); }; };
		59E0403209CDC73B001280FD /* FinkPackage.m in Sources */ = {isa = PBXBuildFile; fileRef = F527284E0221B4E801A80164 /* FinkPackage.m */; };
		59E0403309CDC73B001280FD /* FinkPreferences.m in Sources */ = {isa = PBXBuildFile; fileRef = F5375A6A0246DDEB01A80164 /* FinkPreferences.m */; };
		59E0403409CDC73B001280FD /* FinkConf.m in Sources */ = {isa = PBXBuildFile; fileRef = F54436B9027F6AD501A80164 /* FinkConf.m */; };
		59E0403509CDC73B001280FD /* SBString.m in Sources */ = {isa = PBXBuildFile; fileRef = F536C03F0280F24501A80164 /* SBString.m */; };
		59E0403609CDC73B001280FD /* FinkController.m in Sources */ = {isa = PBXBuildFile; fileRef = F53369F60218261B01A80165 /* FinkController.m */; };
		59E0403709CDC73B001280FD /* MyTextView.m in Sources */ = {isa = PBXBuildFile; fileRef = F5B9D9E402B1D61C01A8016B /* MyTextView.m */; };
		59E0403809CDC73B001280FD /* FinkGlobals.m in Sources */ = {isa = PBXBuildFile; fileRef = F54147C302C18B7301A80165 /* FinkGlobals.m */; };
		59E0403909CDC73B001280FD /* FinkPackageInfo.m in Sources */ = {isa = PBXBuildFile; fileRef = F542CFF702C2F03B01A80166 /* FinkPackageInfo.m */; };
		59E0403A09CDC73B001280FD /* FinkTableView.m in Sources */ = {isa = PBXBuildFile; fileRef = F5607A9502CE125001A80164 /* FinkTableView.m */; };
		59E0403B09CDC73B001280FD /* FinkInstallationInfo.m in Sources */ = {isa = PBXBuildFile; fileRef = F55FF54A02CFC96301A80164 /* FinkInstallationInfo.m */; };
		59E0403C09CDC73B001280FD /* FinkOutputParser.m in Sources */ = {isa = PBXBuildFile; fileRef = F54BD02602D549F101A80165 /* FinkOutputParser.m */; };
		59E0403D09CDC73B001280FD /* FinkTextViewController.m in Sources */ = {isa = PBXBuildFile; fileRef = F512CBEE02E6749301BD3D51 /* FinkTextViewController.m */; };
		59E0403E09CDC73B001280FD /* FinkUtilities.m in Sources */ = {isa = PBXBuildFile; fileRef = F553429002E9F45A015ADE4E /* FinkUtilities.m */; };
		59E0403F09CDC73B001280FD /* FinkData.m in Sources */ = {isa = PBXBuildFile; fileRef = F55FBB1E02F3B8C901A80164 /* FinkData.m */; };
		59E0404009CDC73B001280FD /* FinkSplitView.m in Sources */ = {isa = PBXBuildFile; fileRef = F53B4D41031079C801A80164 /* FinkSplitView.m */; };
		59E0404109CDC73B001280FD /* AuthorizedExecutable.m in Sources */ = {isa = PBXBuildFile; fileRef = F5F8FA570331966401A80166 /* AuthorizedExecutable.m */; };
		59E0404209CDC73B001280FD /* FinkWarningDialog.m in Sources */ = {isa = PBXBuildFile; fileRef = F55407EE035D0C8601A80170 /* FinkWarningDialog.m */; };
		59E0404309CDC73B001280FD /* FinkToolbar.m in Sources */ = {isa = PBXBuildFile; fileRef = F5019E9703625D2701A80165 /* FinkToolbar.m */; };
		59E0404409CDC73B001280FD /* SBFileItemTree.m in Sources */ = {isa = PBXBuildFile; fileRef = F5CC7618039F174E01A80165 /* SBFileItemTree.m */; };
		59E0404509CDC73B001280FD /* SBOutlineViewController.m in Sources */ = {isa = PBXBuildFile; fileRef = F5CC761A039F174E01A80165 /* SBOutlineViewController.m */; };
		59E0404609CDC73B001280FD /* SBTreeWindowController.m in Sources */ = {isa = PBXBuildFile; fileRef = F5CC761C039F174E01A80165 /* SBTreeWindowController.m */; };
		59E0404709CDC73B001280FD /* SBTreeWindowManager.m in Sources */ = {isa = PBXBuildFile; fileRef = F5CC761E039F174E01A80165 /* SBTreeWindowManager.m */; };
		59E0404809CDC73B001280FD /* SBDateColumnController.m in Sources */ = {isa = PBXBuildFile; fileRef = F5CC765D039F19D801A80165 /* SBDateColumnController.m */; };
		59E0404909CDC73B001280FD /* SBFileItem.m in Sources */ = {isa = PBXBuildFile; fileRef = F50EC36603A0559001A80165 /* SBFileItem.m */; };
		59E0404A09CDC73B001280FD /* SBBrowserView.m in Sources */ = {isa = PBXBuildFile; fileRef = F5CC7616039F174E01A80165 /* SBBrowserView.m */; };
		59E0404B09CDC73B001280FD /* SBBrowserMatrix.m in Sources */ = {isa = PBXBuildFile; fileRef = F57E59B503A998D701A80165 /* SBBrowserMatrix.m */; };
		59E0404C09CDC73B001280FD /* SBMutableAttributedString.m in Sources */ = {isa = PBXBuildFile; fileRef = FBD2DBD703BAA14500A80165 /* SBMutableAttributedString.m */; };
		59E0404D09CDC73B001280FD /* SBUtilities.m in Sources */ = {isa = PBXBuildFile; fileRef = FBC8655003BABC0400A80165 /* SBUtilities.m */; };
		59E0404E09CDC73B001280FD /* SBBrowserCell.m in Sources */ = {isa = PBXBuildFile; fileRef = FBCD45EF03C5FF3100A80164 /* SBBrowserCell.m */; };
		59E0404F09CDC73B001280FD /* SBOutlineView.m in Sources */ = {isa = PBXBuildFile; fileRef = FBCD45F003C5FF3100A80164 /* SBOutlineView.m */; };
		59E0405F09CDC73B001280FD /* Launcher.h in Headers */ = {isa = PBXBuildFile; fileRef = F5F8FA5B033196B301A80166 /* Launcher.h */; };
		59E0406009CDC73B001280FD /* Debugging.h in Headers */ = {isa = PBXBuildFile; fileRef = F5D01DA703636C2C01A80165 /* Debugging.h */; };
		59E0406209CDC73B001280FD /* getpath.c in Sources */ = {isa = PBXBuildFile; fileRef = F5F8FA5D033196BF01A80166 /* getpath.c */; };
		59E0406309CDC73B001280FD /* Launcher.c in Sources */ = {isa = PBXBuildFile; fileRef = F5F8FA59033196AC01A80166 /* Launcher.c */; };
		59E0407009CDC73C001280FD /* Launcher in CopyFiles */ = {isa = PBXBuildFile; fileRef = 59E0406C09CDC73C001280FD /* Launcher */; settings = {ATTRIBUTES = (CodeSignOnCopy, ); }; };
/* End PBXBuildFile section */

/* Begin PBXContainerItemProxy section */
		59E0406E09CDC73C001280FD /* PBXContainerItemProxy */ = {
			isa = PBXContainerItemProxy;
			containerPortal = 29B97313FDCFA39411CA2CEA /* Project object */;
			proxyType = 1;
			remoteGlobalIDString = 59E0405D09CDC73B001280FD;
			remoteInfo = "Launcher (Upgraded)";
		};
/* End PBXContainerItemProxy section */

/* Begin PBXCopyFilesBuildPhase section */
		59E0405409CDC73B001280FD /* CopyFiles */ = {
			isa = PBXCopyFilesBuildPhase;
			buildActionMask = 2147483647;
			dstPath = "";
			dstSubfolderSpec = 7;
			files = (
				148C8A6A10B8DA2A0013C39B /* SSHAskPass.sh in CopyFiles */,
				59E0407009CDC73C001280FD /* Launcher in CopyFiles */,
			);
			runOnlyForDeploymentPostprocessing = 0;
		};
/* End PBXCopyFilesBuildPhase section */

/* Begin PBXFileReference section */
		089C165DFE840E0CC02AAC07 /* English */ = {isa = PBXFileReference; fileEncoding = 4; lastKnownFileType = text.plist.strings; name = English; path = English.lproj/InfoPlist.strings; sourceTree = "<group>"; };
		148C8A5A10B8D8D40013C39B /* SSHAskPass.sh */ = {isa = PBXFileReference; fileEncoding = 4; lastKnownFileType = text.script.sh; path = SSHAskPass.sh; sourceTree = "<group>"; };
		29B97316FDCFA39411CA2CEA /* main.m */ = {isa = PBXFileReference; fileEncoding = 30; lastKnownFileType = sourcecode.c.objc; path = main.m; sourceTree = "<group>"; };
		29B97319FDCFA39411CA2CEA /* English */ = {isa = PBXFileReference; lastKnownFileType = wrapper.nib; name = English; path = English.lproj/MainMenu.nib; sourceTree = "<group>"; };
		557B5387108D37AC00367D4E /* Japanese */ = {isa = PBXFileReference; lastKnownFileType = text.plist.xml; name = Japanese; path = Japanese.lproj/Toolbar.plist; sourceTree = "<group>"; };
		557B5389108D37C700367D4E /* Japanese */ = {isa = PBXFileReference; lastKnownFileType = text.plist.strings; name = Japanese; path = Japanese.lproj/InfoPlist.strings; sourceTree = "<group>"; };
		557B538A108D37D600367D4E /* Japanese */ = {isa = PBXFileReference; fileEncoding = 10; lastKnownFileType = text.plist.strings; name = Japanese; path = Japanese.lproj/Localizable.strings; sourceTree = "<group>"; };
		557B538B108D37EC00367D4E /* Japanese */ = {isa = PBXFileReference; fileEncoding = 10; lastKnownFileType = text.plist.strings; name = Japanese; path = Japanese.lproj/Programmatic.strings; sourceTree = "<group>"; };
		557B5391108D380A00367D4E /* Japanese */ = {isa = PBXFileReference; lastKnownFileType = folder; name = Japanese; path = "Japanese.lproj/FinkCommander Help"; sourceTree = "<group>"; };
		557B53B9108D392700367D4E /* Japanese */ = {isa = PBXFileReference; lastKnownFileType = wrapper.nib; name = Japanese; path = Japanese.lproj/Dialogs.nib; sourceTree = "<group>"; };
		557B53BA108D393500367D4E /* Japanese */ = {isa = PBXFileReference; lastKnownFileType = wrapper.nib; name = Japanese; path = Japanese.lproj/MainMenu.nib; sourceTree = "<group>"; };
		557B53BB108D394100367D4E /* Japanese */ = {isa = PBXFileReference; lastKnownFileType = wrapper.nib; name = Japanese; path = Japanese.lproj/Preferences.nib; sourceTree = "<group>"; };
		59E0405A09CDC73B001280FD /* Info.plist */ = {isa = PBXFileReference; lastKnownFileType = text.plist.xml; path = Info.plist; sourceTree = "<group>"; };
		59E0405B09CDC73B001280FD /* FinkCommander.app */ = {isa = PBXFileReference; explicitFileType = wrapper.application; includeInIndex = 0; path = FinkCommander.app; sourceTree = BUILT_PRODUCTS_DIR; };
		59E0406C09CDC73C001280FD /* Launcher */ = {isa = PBXFileReference; explicitFileType = "compiled.mach-o.executable"; includeInIndex = 0; path = Launcher; sourceTree = BUILT_PRODUCTS_DIR; };
		C77360DE03E9D23200EE6D09 /* German */ = {isa = PBXFileReference; lastKnownFileType = text.html; name = German; path = German.lproj/README.html; sourceTree = "<group>"; };
		F28A84610843648B00E529E9 /* French */ = {isa = PBXFileReference; lastKnownFileType = wrapper.nib; name = French; path = French.lproj/PackageInfo.nib; sourceTree = "<group>"; };
		F2C4F1D6084361C400CA6079 /* English */ = {isa = PBXFileReference; lastKnownFileType = wrapper.nib; name = English; path = English.lproj/PackageInfo.nib; sourceTree = "<group>"; };
		F5019E9703625D2701A80165 /* FinkToolbar.m */ = {isa = PBXFileReference; fileEncoding = 30; lastKnownFileType = sourcecode.c.objc; path = FinkToolbar.m; sourceTree = "<group>"; };
		F5019E9903625D4201A80165 /* FinkToolbar.h */ = {isa = PBXFileReference; fileEncoding = 30; lastKnownFileType = sourcecode.c.h; path = FinkToolbar.h; sourceTree = "<group>"; };
		F501F21202FDF20001A80164 /* RELEASE_STEPS.txt */ = {isa = PBXFileReference; fileEncoding = 30; lastKnownFileType = text; path = RELEASE_STEPS.txt; sourceTree = "<group>"; };
		F50A22290296AB2801A80166 /* terminate.tiff */ = {isa = PBXFileReference; lastKnownFileType = image.tiff; path = terminate.tiff; sourceTree = "<group>"; };
		F50C7FBB026BD8BD01A80164 /* delsrc.tiff */ = {isa = PBXFileReference; lastKnownFileType = image.tiff; path = delsrc.tiff; sourceTree = "<group>"; };
		F50C7FBD026BD92B01A80164 /* delbin.tiff */ = {isa = PBXFileReference; lastKnownFileType = image.tiff; path = delbin.tiff; sourceTree = "<group>"; };
		F50DF7770359464F01A8016C /* updateall.tiff */ = {isa = PBXFileReference; lastKnownFileType = image.tiff; path = updateall.tiff; sourceTree = "<group>"; };
		F50EC0D303A0463201A80165 /* Date.strings */ = {isa = PBXFileReference; fileEncoding = 30; lastKnownFileType = text.plist.strings; name = Date.strings; path = SBTreeFiles/English.lproj/Date.strings; sourceTree = "<group>"; };
		F50EC0D703A0465701A80165 /* German */ = {isa = PBXFileReference; fileEncoding = 30; lastKnownFileType = text.plist.strings; name = German; path = SBTreeFiles/German.lproj/Date.strings; sourceTree = "<group>"; };
		F50EC36503A0559001A80165 /* SBFileItem.h */ = {isa = PBXFileReference; fileEncoding = 30; lastKnownFileType = sourcecode.c.h; name = SBFileItem.h; path = SBTreeFiles/SBFileItem.h; sourceTree = "<group>"; };
		F50EC36603A0559001A80165 /* SBFileItem.m */ = {isa = PBXFileReference; fileEncoding = 30; lastKnownFileType = sourcecode.c.objc; lineEnding = 0; name = SBFileItem.m; path = SBTreeFiles/SBFileItem.m; sourceTree = "<group>"; xcLanguageSpecificationIdentifier = xcode.lang.objc; };
		F5128EE803665EE101A80166 /* German */ = {isa = PBXFileReference; lastKnownFileType = wrapper.nib; name = German; path = German.lproj/Dialogs.nib; sourceTree = "<group>"; };
		F512CBEE02E6749301BD3D51 /* FinkTextViewController.m */ = {isa = PBXFileReference; fileEncoding = 30; lastKnownFileType = sourcecode.c.objc; path = FinkTextViewController.m; sourceTree = "<group>"; };
		F512CBEF02E6749301BD3D51 /* FinkTextViewController.h */ = {isa = PBXFileReference; fileEncoding = 30; lastKnownFileType = sourcecode.c.h; path = FinkTextViewController.h; sourceTree = "<group>"; };
		F527284C0221B4E801A80164 /* FinkPackage.h */ = {isa = PBXFileReference; fileEncoding = 30; lastKnownFileType = sourcecode.c.h; path = FinkPackage.h; sourceTree = "<group>"; };
		F527284E0221B4E801A80164 /* FinkPackage.m */ = {isa = PBXFileReference; fileEncoding = 30; lastKnownFileType = sourcecode.c.objc; lineEnding = 0; path = FinkPackage.m; sourceTree = "<group>"; xcLanguageSpecificationIdentifier = xcode.lang.objc; };
		F531463F022C801601A80164 /* fpkg_list.pl */ = {isa = PBXFileReference; fileEncoding = 30; lastKnownFileType = text.script.perl; path = fpkg_list.pl; sourceTree = "<group>"; };
		F53369F50218261B01A80165 /* FinkController.h */ = {isa = PBXFileReference; fileEncoding = 30; lastKnownFileType = sourcecode.c.h; path = FinkController.h; sourceTree = "<group>"; };
		F53369F60218261B01A80165 /* FinkController.m */ = {isa = PBXFileReference; fileEncoding = 4; lastKnownFileType = sourcecode.c.objc; lineEnding = 0; path = FinkController.m; sourceTree = "<group>"; xcLanguageSpecificationIdentifier = xcode.lang.objc; };
		F53649810388930201A80164 /* negemail.tiff */ = {isa = PBXFileReference; lastKnownFileType = image.tiff; path = negemail.tiff; sourceTree = "<group>"; };
		F5364A1A0388964301A80164 /* posemail.tiff */ = {isa = PBXFileReference; lastKnownFileType = image.tiff; path = posemail.tiff; sourceTree = "<group>"; };
		F536C03E0280F24501A80164 /* SBString.h */ = {isa = PBXFileReference; fileEncoding = 30; lastKnownFileType = sourcecode.c.h; path = SBString.h; sourceTree = "<group>"; };
		F536C03F0280F24501A80164 /* SBString.m */ = {isa = PBXFileReference; fileEncoding = 30; lastKnownFileType = sourcecode.c.objc; lineEnding = 0; path = SBString.m; sourceTree = "<group>"; xcLanguageSpecificationIdentifier = xcode.lang.objc; };
		F5375A680246DDDC01A80164 /* FinkPreferences.h */ = {isa = PBXFileReference; fileEncoding = 30; lastKnownFileType = sourcecode.c.h; path = FinkPreferences.h; sourceTree = "<group>"; };
		F5375A6A0246DDEB01A80164 /* FinkPreferences.m */ = {isa = PBXFileReference; fileEncoding = 30; lastKnownFileType = sourcecode.c.objc; lineEnding = 0; path = FinkPreferences.m; sourceTree = "<group>"; xcLanguageSpecificationIdentifier = xcode.lang.objc; };
		F5375A6D0246DE1901A80164 /* English */ = {isa = PBXFileReference; lastKnownFileType = wrapper.nib; name = English; path = English.lproj/Preferences.nib; sourceTree = "<group>"; };
		F538C3C1023495CF01A80164 /* reverse.tiff */ = {isa = PBXFileReference; lastKnownFileType = image.tiff; path = reverse.tiff; sourceTree = "<group>"; };
		F538C3C2023495CF01A80164 /* normal.tiff */ = {isa = PBXFileReference; lastKnownFileType = image.tiff; path = normal.tiff; sourceTree = "<group>"; };
		F53B4CA303100C0E01A80164 /* Toolbar.plist */ = {isa = PBXFileReference; fileEncoding = 30; lastKnownFileType = text.plist.xml; name = Toolbar.plist; path = English.lproj/Toolbar.plist; sourceTree = "<group>"; };
		F53B4D0803100C5101A80164 /* German */ = {isa = PBXFileReference; fileEncoding = 10; lastKnownFileType = text.plist.xml; name = German; path = German.lproj/Toolbar.plist; sourceTree = "<group>"; };
		F53B4D0A031033D401A80164 /* German */ = {isa = PBXFileReference; fileEncoding = 4; lastKnownFileType = text.plist.strings; name = German; path = German.lproj/InfoPlist.strings; sourceTree = "<group>"; };
		F53B4D41031079C801A80164 /* FinkSplitView.m */ = {isa = PBXFileReference; fileEncoding = 30; lastKnownFileType = sourcecode.c.objc; path = FinkSplitView.m; sourceTree = "<group>"; };
		F53B4D42031079C801A80164 /* FinkSplitView.h */ = {isa = PBXFileReference; fileEncoding = 30; lastKnownFileType = sourcecode.c.h; path = FinkSplitView.h; sourceTree = "<group>"; };
		F53D651D0280296801A80164 /* interact.tiff */ = {isa = PBXFileReference; lastKnownFileType = image.tiff; path = interact.tiff; sourceTree = "<group>"; };
		F53D651F02802F3101A80164 /* describe.tiff */ = {isa = PBXFileReference; lastKnownFileType = image.tiff; path = describe.tiff; sourceTree = "<group>"; };
		F54147C202C18B7301A80165 /* FinkGlobals.h */ = {isa = PBXFileReference; fileEncoding = 30; lastKnownFileType = sourcecode.c.h; path = FinkGlobals.h; sourceTree = "<group>"; };
		F54147C302C18B7301A80165 /* FinkGlobals.m */ = {isa = PBXFileReference; fileEncoding = 30; lastKnownFileType = sourcecode.c.objc; path = FinkGlobals.m; sourceTree = "<group>"; };
		F542437B028CE53E01A80166 /* cvs.tiff */ = {isa = PBXFileReference; lastKnownFileType = image.tiff; path = cvs.tiff; sourceTree = "<group>"; };
		F542437D028CE54B01A80166 /* update.tiff */ = {isa = PBXFileReference; lastKnownFileType = image.tiff; path = update.tiff; sourceTree = "<group>"; };
		F542437F028CE59801A80166 /* updatebin.tiff */ = {isa = PBXFileReference; lastKnownFileType = image.tiff; path = updatebin.tiff; sourceTree = "<group>"; };
		F542CFF702C2F03B01A80166 /* FinkPackageInfo.m */ = {isa = PBXFileReference; fileEncoding = 30; lastKnownFileType = sourcecode.c.objc; path = FinkPackageInfo.m; sourceTree = "<group>"; };
		F54436B8027F6AD501A80164 /* FinkConf.h */ = {isa = PBXFileReference; fileEncoding = 30; lastKnownFileType = sourcecode.c.h; path = FinkConf.h; sourceTree = "<group>"; };
		F54436B9027F6AD501A80164 /* FinkConf.m */ = {isa = PBXFileReference; fileEncoding = 30; lastKnownFileType = sourcecode.c.objc; path = FinkConf.m; sourceTree = "<group>"; };
		F5458DBF0303658001A80164 /* UserDefaults.plist */ = {isa = PBXFileReference; fileEncoding = 30; lastKnownFileType = text.plist.xml; path = UserDefaults.plist; sourceTree = "<group>"; };
		F54A669802DA8F3701A80165 /* VERSION_HISTORY.html */ = {isa = PBXFileReference; fileEncoding = 30; lastKnownFileType = text.html; path = VERSION_HISTORY.html; sourceTree = "<group>"; };
		F54BD02602D549F101A80165 /* FinkOutputParser.m */ = {isa = PBXFileReference; fileEncoding = 30; lastKnownFileType = sourcecode.c.objc; path = FinkOutputParser.m; sourceTree = "<group>"; };
		F54BD02702D549F101A80165 /* FinkOutputParser.h */ = {isa = PBXFileReference; fileEncoding = 30; lastKnownFileType = sourcecode.c.h; path = FinkOutputParser.h; sourceTree = "<group>"; };
		F55057270231E5F701A80164 /* LICENSE.txt */ = {isa = PBXFileReference; fileEncoding = 30; lastKnownFileType = text; path = LICENSE.txt; sourceTree = "<group>"; };
		F553429002E9F45A015ADE4E /* FinkUtilities.m */ = {isa = PBXFileReference; fileEncoding = 30; lastKnownFileType = sourcecode.c.objc; path = FinkUtilities.m; sourceTree = "<group>"; };
		F553429102E9F45A015ADE4E /* FinkUtilities.h */ = {isa = PBXFileReference; fileEncoding = 30; lastKnownFileType = sourcecode.c.h; path = FinkUtilities.h; sourceTree = "<group>"; };
		F55407ED035D0C8601A80170 /* FinkWarningDialog.h */ = {isa = PBXFileReference; fileEncoding = 30; lastKnownFileType = sourcecode.c.h; path = FinkWarningDialog.h; sourceTree = "<group>"; };
		F55407EE035D0C8601A80170 /* FinkWarningDialog.m */ = {isa = PBXFileReference; fileEncoding = 30; lastKnownFileType = sourcecode.c.objc; path = FinkWarningDialog.m; sourceTree = "<group>"; };
		F55407F6035D334001A80170 /* English */ = {isa = PBXFileReference; lastKnownFileType = wrapper.nib; name = English; path = English.lproj/Dialogs.nib; sourceTree = "<group>"; };
		F554F1D80266AA4B01A80164 /* addbin.tiff */ = {isa = PBXFileReference; lastKnownFileType = image.tiff; path = addbin.tiff; sourceTree = "<group>"; };
		F55FBB1D02F3B8C901A80164 /* FinkData.h */ = {isa = PBXFileReference; fileEncoding = 30; lastKnownFileType = sourcecode.c.h; path = FinkData.h; sourceTree = "<group>"; };
		F55FBB1E02F3B8C901A80164 /* FinkData.m */ = {isa = PBXFileReference; fileEncoding = 30; lastKnownFileType = sourcecode.c.objc; path = FinkData.m; sourceTree = "<group>"; };
		F55FF54A02CFC96301A80164 /* FinkInstallationInfo.m */ = {isa = PBXFileReference; fileEncoding = 30; lastKnownFileType = sourcecode.c.objc; path = FinkInstallationInfo.m; sourceTree = "<group>"; };
		F55FF54B02CFC96301A80164 /* FinkInstallationInfo.h */ = {isa = PBXFileReference; fileEncoding = 30; lastKnownFileType = sourcecode.c.h; path = FinkInstallationInfo.h; sourceTree = "<group>"; };
		F5607A9502CE125001A80164 /* FinkTableView.m */ = {isa = PBXFileReference; fileEncoding = 30; lastKnownFileType = sourcecode.c.objc; lineEnding = 0; path = FinkTableView.m; sourceTree = "<group>"; xcLanguageSpecificationIdentifier = xcode.lang.objc; };
		F5607A9702CE125E01A80164 /* FinkTableView.h */ = {isa = PBXFileReference; fileEncoding = 30; lastKnownFileType = sourcecode.c.h; path = FinkTableView.h; sourceTree = "<group>"; };
		F568C4A302FC9D6101A80164 /* English */ = {isa = PBXFileReference; fileEncoding = 10; lastKnownFileType = text.plist.strings; name = English; path = English.lproj/Localizable.strings; sourceTree = "<group>"; };
		F57E59B403A998D701A80165 /* SBBrowserMatrix.h */ = {isa = PBXFileReference; fileEncoding = 30; lastKnownFileType = sourcecode.c.h; name = SBBrowserMatrix.h; path = SBTreeFiles/SBBrowserMatrix.h; sourceTree = "<group>"; };
		F57E59B503A998D701A80165 /* SBBrowserMatrix.m */ = {isa = PBXFileReference; fileEncoding = 30; lastKnownFileType = sourcecode.c.objc; name = SBBrowserMatrix.m; path = SBTreeFiles/SBBrowserMatrix.m; sourceTree = "<group>"; };
		F57E59C103A9ABBA01A80165 /* info.tiff */ = {isa = PBXFileReference; lastKnownFileType = image.tiff; path = info.tiff; sourceTree = "<group>"; };
		F5897AAA02C6E37B01A80166 /* email.tiff */ = {isa = PBXFileReference; lastKnownFileType = image.tiff; path = email.tiff; sourceTree = "<group>"; };
		F59BDD90026817BF01A80164 /* addsrc.tiff */ = {isa = PBXFileReference; lastKnownFileType = image.tiff; path = addsrc.tiff; sourceTree = "<group>"; };
		F59FF428032134D901A80175 /* German */ = {isa = PBXFileReference; fileEncoding = 30; lastKnownFileType = text.html; name = German; path = German.lproj/Credits.html; sourceTree = "<group>"; };
		F5B9D9E402B1D61C01A8016B /* MyTextView.m */ = {isa = PBXFileReference; fileEncoding = 30; lastKnownFileType = sourcecode.c.objc; path = MyTextView.m; sourceTree = "<group>"; };
		F5B9D9EA02B232D501A8016B /* hand.tiff */ = {isa = PBXFileReference; lastKnownFileType = image.tiff; path = hand.tiff; sourceTree = "<group>"; };
		F5B9D9EC02B2B13501A8016B /* MyTextView.h */ = {isa = PBXFileReference; fileEncoding = 30; lastKnownFileType = sourcecode.c.h; path = MyTextView.h; sourceTree = "<group>"; };
		F5B9D9F402B3D67A01A8016B /* number.tiff */ = {isa = PBXFileReference; lastKnownFileType = image.tiff; path = number.tiff; sourceTree = "<group>"; };
		F5B9D9F502B3D67A01A8016B /* title.tiff */ = {isa = PBXFileReference; lastKnownFileType = image.tiff; path = title.tiff; sourceTree = "<group>"; };
		F5BBDFAF023AF89301A80164 /* TODO.txt */ = {isa = PBXFileReference; fileEncoding = 30; lastKnownFileType = text; path = TODO.txt; sourceTree = "<group>"; };
		F5C1B062026BFA2501A80164 /* English */ = {isa = PBXFileReference; includeInIndex = 0; lastKnownFileType = folder; name = English; path = "English.lproj/FinkCommander Help"; sourceTree = "<group>"; };
		F5C523D802A326B701A80165 /* FinkPackageInfo.h */ = {isa = PBXFileReference; fileEncoding = 30; lastKnownFileType = sourcecode.c.h; path = FinkPackageInfo.h; sourceTree = "<group>"; };
		F5C9446E039C6BE201A80164 /* English */ = {isa = PBXFileReference; lastKnownFileType = wrapper.nib; name = English; path = English.lproj/TreeView.nib; sourceTree = "<group>"; };
		F5CA48B00394730301A80164 /* finkcommanderatwork.icns */ = {isa = PBXFileReference; lastKnownFileType = image.icns; path = finkcommanderatwork.icns; sourceTree = "<group>"; };
		F5CC37130304F27C01A80164 /* German */ = {isa = PBXFileReference; lastKnownFileType = wrapper.nib; name = German; path = German.lproj/MainMenu.nib; sourceTree = "<group>"; };
		F5CC37160304F2A201A80164 /* German */ = {isa = PBXFileReference; lastKnownFileType = wrapper.nib; name = German; path = German.lproj/Preferences.nib; sourceTree = "<group>"; };
		F5CC7615039F174E01A80165 /* SBBrowserView.h */ = {isa = PBXFileReference; fileEncoding = 30; lastKnownFileType = sourcecode.c.h; name = SBBrowserView.h; path = SBTreeFiles/SBBrowserView.h; sourceTree = "<group>"; };
		F5CC7616039F174E01A80165 /* SBBrowserView.m */ = {isa = PBXFileReference; fileEncoding = 30; lastKnownFileType = sourcecode.c.objc; lineEnding = 0; name = SBBrowserView.m; path = SBTreeFiles/SBBrowserView.m; sourceTree = "<group>"; xcLanguageSpecificationIdentifier = xcode.lang.objc; };
		F5CC7617039F174E01A80165 /* SBFileItemTree.h */ = {isa = PBXFileReference; fileEncoding = 30; lastKnownFileType = sourcecode.c.h; name = SBFileItemTree.h; path = SBTreeFiles/SBFileItemTree.h; sourceTree = "<group>"; };
		F5CC7618039F174E01A80165 /* SBFileItemTree.m */ = {isa = PBXFileReference; fileEncoding = 30; lastKnownFileType = sourcecode.c.objc; lineEnding = 0; name = SBFileItemTree.m; path = SBTreeFiles/SBFileItemTree.m; sourceTree = "<group>"; xcLanguageSpecificationIdentifier = xcode.lang.objc; };
		F5CC7619039F174E01A80165 /* SBOutlineViewController.h */ = {isa = PBXFileReference; fileEncoding = 30; lastKnownFileType = sourcecode.c.h; name = SBOutlineViewController.h; path = SBTreeFiles/SBOutlineViewController.h; sourceTree = "<group>"; };
		F5CC761A039F174E01A80165 /* SBOutlineViewController.m */ = {isa = PBXFileReference; fileEncoding = 30; lastKnownFileType = sourcecode.c.objc; lineEnding = 0; name = SBOutlineViewController.m; path = SBTreeFiles/SBOutlineViewController.m; sourceTree = "<group>"; xcLanguageSpecificationIdentifier = xcode.lang.objc; };
		F5CC761B039F174E01A80165 /* SBTreeWindowController.h */ = {isa = PBXFileReference; fileEncoding = 30; lastKnownFileType = sourcecode.c.h; name = SBTreeWindowController.h; path = SBTreeFiles/SBTreeWindowController.h; sourceTree = "<group>"; };
		F5CC761C039F174E01A80165 /* SBTreeWindowController.m */ = {isa = PBXFileReference; fileEncoding = 30; lastKnownFileType = sourcecode.c.objc; lineEnding = 0; name = SBTreeWindowController.m; path = SBTreeFiles/SBTreeWindowController.m; sourceTree = "<group>"; xcLanguageSpecificationIdentifier = xcode.lang.objc; };
		F5CC761D039F174E01A80165 /* SBTreeWindowManager.h */ = {isa = PBXFileReference; fileEncoding = 30; lastKnownFileType = sourcecode.c.h; name = SBTreeWindowManager.h; path = SBTreeFiles/SBTreeWindowManager.h; sourceTree = "<group>"; };
		F5CC761E039F174E01A80165 /* SBTreeWindowManager.m */ = {isa = PBXFileReference; fileEncoding = 30; lastKnownFileType = sourcecode.c.objc; name = SBTreeWindowManager.m; path = SBTreeFiles/SBTreeWindowManager.m; sourceTree = "<group>"; };
		F5CC765C039F19D801A80165 /* SBDateColumnController.h */ = {isa = PBXFileReference; fileEncoding = 30; lastKnownFileType = sourcecode.c.h; name = SBDateColumnController.h; path = SBTreeFiles/SBDateColumnController.h; sourceTree = "<group>"; };
		F5CC765D039F19D801A80165 /* SBDateColumnController.m */ = {isa = PBXFileReference; fileEncoding = 30; lastKnownFileType = sourcecode.c.objc; lineEnding = 0; name = SBDateColumnController.m; path = SBTreeFiles/SBDateColumnController.m; sourceTree = "<group>"; xcLanguageSpecificationIdentifier = xcode.lang.objc; };
		F5D01DA703636C2C01A80165 /* Debugging.h */ = {isa = PBXFileReference; fileEncoding = 30; lastKnownFileType = sourcecode.c.h; path = Debugging.h; sourceTree = "<group>"; };
		F5D01DAA03636FB201A80165 /* termcvs.tiff */ = {isa = PBXFileReference; lastKnownFileType = image.tiff; path = termcvs.tiff; sourceTree = "<group>"; };
		F5D01DAC03636FC001A80165 /* terminstall.tiff */ = {isa = PBXFileReference; lastKnownFileType = image.tiff; path = terminstall.tiff; sourceTree = "<group>"; };
		F5D3EE420336DD8B01A80165 /* German */ = {isa = PBXFileReference; fileEncoding = 10; lastKnownFileType = text.plist.strings; name = German; path = German.lproj/Localizable.strings; sourceTree = "<group>"; };
		F5D5018B0342BADE01A80165 /* English */ = {isa = PBXFileReference; fileEncoding = 30; lastKnownFileType = text.html; name = English; path = English.lproj/README.html; sourceTree = "<group>"; };
		F5DABE8B03359EF601FEFA3F /* German */ = {isa = PBXFileReference; includeInIndex = 1; lastKnownFileType = folder; name = German; path = "German.lproj/FinkCommander Help"; sourceTree = "<group>"; };
		F5DE3CD602CAE98601A80164 /* finkcommander.icns */ = {isa = PBXFileReference; lastKnownFileType = image.icns; path = finkcommander.icns; sourceTree = "<group>"; };
		F5F8FA550331965D01A80166 /* AuthorizedExecutable.h */ = {isa = PBXFileReference; fileEncoding = 30; lastKnownFileType = sourcecode.c.h; path = AuthorizedExecutable.h; sourceTree = "<group>"; };
		F5F8FA570331966401A80166 /* AuthorizedExecutable.m */ = {isa = PBXFileReference; fileEncoding = 30; lastKnownFileType = sourcecode.c.objc; path = AuthorizedExecutable.m; sourceTree = "<group>"; };
		F5F8FA59033196AC01A80166 /* Launcher.c */ = {isa = PBXFileReference; fileEncoding = 30; lastKnownFileType = sourcecode.c.c; path = Launcher.c; sourceTree = "<group>"; };
		F5F8FA5B033196B301A80166 /* Launcher.h */ = {isa = PBXFileReference; fileEncoding = 30; lastKnownFileType = sourcecode.c.h; path = Launcher.h; sourceTree = "<group>"; };
		F5F8FA5D033196BF01A80166 /* getpath.c */ = {isa = PBXFileReference; fileEncoding = 30; lastKnownFileType = sourcecode.c.c; path = getpath.c; sourceTree = "<group>"; };
		F5F99DB603AD4F4D01A80165 /* outline.tiff */ = {isa = PBXFileReference; lastKnownFileType = image.tiff; name = outline.tiff; path = SBTreeFiles/outline.tiff; sourceTree = "<group>"; };
		F5F99DB803AD5AC401A80165 /* browser.tiff */ = {isa = PBXFileReference; lastKnownFileType = image.tiff; name = browser.tiff; path = SBTreeFiles/browser.tiff; sourceTree = "<group>"; };
		FB084B8303DBA6EE00A8016C /* German */ = {isa = PBXFileReference; lastKnownFileType = wrapper.nib; name = German; path = German.lproj/TreeView.nib; sourceTree = "<group>"; };
		FB7F569003F8C24E00A8016A /* German */ = {isa = PBXFileReference; fileEncoding = 30; lastKnownFileType = text; name = German; path = German.lproj/TRANSLATION_STEPS.txt; sourceTree = "<group>"; };
		FB84A70A03C93AF400A80164 /* SBTree.strings */ = {isa = PBXFileReference; fileEncoding = 10; lastKnownFileType = text.plist.strings; name = SBTree.strings; path = SBTreeFiles/English.lproj/SBTree.strings; sourceTree = "<group>"; };
		FB84A70F03C93D9C00A80164 /* SBTree.strings */ = {isa = PBXFileReference; fileEncoding = 10; lastKnownFileType = text.plist.strings; name = SBTree.strings; path = SBTreeFiles/German.lproj/SBTree.strings; sourceTree = "<group>"; };
		FBB8F6D903BFE6D000A8016B /* English */ = {isa = PBXFileReference; fileEncoding = 10; lastKnownFileType = text.plist.strings; name = English; path = English.lproj/Programmatic.strings; sourceTree = "<group>"; };
		FBB8F6DD03BFE6FF00A8016B /* German */ = {isa = PBXFileReference; fileEncoding = 10; lastKnownFileType = text.plist.strings; name = German; path = German.lproj/Programmatic.strings; sourceTree = "<group>"; };
		FBC8654F03BABC0400A80165 /* SBUtilities.h */ = {isa = PBXFileReference; fileEncoding = 30; lastKnownFileType = sourcecode.c.h; name = SBUtilities.h; path = SBTreeFiles/SBUtilities.h; sourceTree = "<group>"; };
		FBC8655003BABC0400A80165 /* SBUtilities.m */ = {isa = PBXFileReference; fileEncoding = 30; lastKnownFileType = sourcecode.c.objc; name = SBUtilities.m; path = SBTreeFiles/SBUtilities.m; sourceTree = "<group>"; };
		FBCD45EF03C5FF3100A80164 /* SBBrowserCell.m */ = {isa = PBXFileReference; fileEncoding = 30; lastKnownFileType = sourcecode.c.objc; name = SBBrowserCell.m; path = SBTreeFiles/SBBrowserCell.m; sourceTree = "<group>"; };
		FBCD45F003C5FF3100A80164 /* SBOutlineView.m */ = {isa = PBXFileReference; fileEncoding = 30; lastKnownFileType = sourcecode.c.objc; lineEnding = 0; name = SBOutlineView.m; path = SBTreeFiles/SBOutlineView.m; sourceTree = "<group>"; xcLanguageSpecificationIdentifier = xcode.lang.objc; };
		FBCD472903C6070000A80164 /* SBOutlineView.h */ = {isa = PBXFileReference; fileEncoding = 30; lastKnownFileType = sourcecode.c.h; name = SBOutlineView.h; path = SBTreeFiles/SBOutlineView.h; sourceTree = "<group>"; };
		FBCD472B03C6070E00A80164 /* SBBrowserCell.h */ = {isa = PBXFileReference; fileEncoding = 30; lastKnownFileType = sourcecode.c.h; name = SBBrowserCell.h; path = SBTreeFiles/SBBrowserCell.h; sourceTree = "<group>"; };
		FBCD47CD03C60D9A00A80164 /* bomb.tiff */ = {isa = PBXFileReference; lastKnownFileType = image.tiff; path = bomb.tiff; sourceTree = "<group>"; };
		FBCD47CE03C60D9A00A80164 /* browse.tiff */ = {isa = PBXFileReference; lastKnownFileType = image.tiff; path = browse.tiff; sourceTree = "<group>"; };
		FBCD47D103C60DB000A80164 /* doc.tiff */ = {isa = PBXFileReference; lastKnownFileType = image.tiff; path = doc.tiff; sourceTree = "<group>"; };
		FBD2DBD603BAA14500A80165 /* SBMutableAttributedString.h */ = {isa = PBXFileReference; fileEncoding = 4; lastKnownFileType = sourcecode.c.h; path = SBMutableAttributedString.h; sourceTree = "<group>"; };
		FBD2DBD703BAA14500A80165 /* SBMutableAttributedString.m */ = {isa = PBXFileReference; fileEncoding = 4; lastKnownFileType = sourcecode.c.objc; path = SBMutableAttributedString.m; sourceTree = "<group>"; };
		FBEE855703B4E18400A80164 /* flag.tiff */ = {isa = PBXFileReference; lastKnownFileType = image.tiff; path = flag.tiff; sourceTree = "<group>"; };
		FBEE855803B4E18400A80164 /* header_flag.tiff */ = {isa = PBXFileReference; lastKnownFileType = image.tiff; path = header_flag.tiff; sourceTree = "<group>"; };
/* End PBXFileReference section */

/* Begin PBXFrameworksBuildPhase section */
		59E0406409CDC73B001280FD /* Frameworks */ = {
			isa = PBXFrameworksBuildPhase;
			buildActionMask = 2147483647;
			files = (
			);
			runOnlyForDeploymentPostprocessing = 0;
		};
/* End PBXFrameworksBuildPhase section */

/* Begin PBXGroup section */
		080E96DDFE201D6D7F000001 /* FC Classes */ = {
			isa = PBXGroup;
			children = (
				F53369F60218261B01A80165 /* FinkController.m */,
				F55FBB1E02F3B8C901A80164 /* FinkData.m */,
				F527284E0221B4E801A80164 /* FinkPackage.m */,
				F54BD02602D549F101A80165 /* FinkOutputParser.m */,
				F5607A9502CE125001A80164 /* FinkTableView.m */,
				F512CBEE02E6749301BD3D51 /* FinkTextViewController.m */,
				F53B4D41031079C801A80164 /* FinkSplitView.m */,
				F5019E9703625D2701A80165 /* FinkToolbar.m */,
				F5375A6A0246DDEB01A80164 /* FinkPreferences.m */,
				F54436B9027F6AD501A80164 /* FinkConf.m */,
				F542CFF702C2F03B01A80166 /* FinkPackageInfo.m */,
				F55FF54A02CFC96301A80164 /* FinkInstallationInfo.m */,
				F55407EE035D0C8601A80170 /* FinkWarningDialog.m */,
			);
			name = "FC Classes";
			sourceTree = "<group>";
		};
		19C28FACFE9D520D11CA2CBB /* Products */ = {
			isa = PBXGroup;
			children = (
				59E0405B09CDC73B001280FD /* FinkCommander.app */,
				59E0406C09CDC73C001280FD /* Launcher */,
			);
			name = Products;
			sourceTree = "<group>";
		};
		29B97314FDCFA39411CA2CEA /* FinkTable */ = {
			isa = PBXGroup;
			children = (
				F54A055E029C9F0101A80166 /* FC Headers */,
				080E96DDFE201D6D7F000001 /* FC Classes */,
				F5C94460039C68BC01A80164 /* SBTree Files */,
				F5CC7614039F16B901A80165 /* Other Classes */,
				F53B283802879DF201A80164 /* Categories */,
				29B97315FDCFA39411CA2CEA /* Other Sources */,
				29B97317FDCFA39411CA2CEA /* Resources */,
				F5BBDFAC023AF87D01A80164 /* Documentation */,
				19C28FACFE9D520D11CA2CBB /* Products */,
			);
			name = FinkTable;
			sourceTree = "<group>";
		};
		29B97315FDCFA39411CA2CEA /* Other Sources */ = {
			isa = PBXGroup;
			children = (
				29B97316FDCFA39411CA2CEA /* main.m */,
				F5D01DA703636C2C01A80165 /* Debugging.h */,
				F54147C202C18B7301A80165 /* FinkGlobals.h */,
				F54147C302C18B7301A80165 /* FinkGlobals.m */,
				F553429102E9F45A015ADE4E /* FinkUtilities.h */,
				F553429002E9F45A015ADE4E /* FinkUtilities.m */,
				F5F8FA5D033196BF01A80166 /* getpath.c */,
				F5F8FA5B033196B301A80166 /* Launcher.h */,
				F5F8FA59033196AC01A80166 /* Launcher.c */,
			);
			name = "Other Sources";
			sourceTree = "<group>";
		};
		29B97317FDCFA39411CA2CEA /* Resources */ = {
			isa = PBXGroup;
			children = (
				148C8A5A10B8D8D40013C39B /* SSHAskPass.sh */,
				59E0405A09CDC73B001280FD /* Info.plist */,
				F2C4F1D5084361C400CA6079 /* PackageInfo.nib */,
				F55407F5035D334001A80170 /* Dialogs.nib */,
				29B97318FDCFA39411CA2CEA /* MainMenu.nib */,
				F5375A6C0246DE1901A80164 /* Preferences.nib */,
				F53B4D0503100C3501A80164 /* Toolbar.plist */,
				F5458DBF0303658001A80164 /* UserDefaults.plist */,
				089C165CFE840E0CC02AAC07 /* InfoPlist.strings */,
				F568C4A202FC9D6101A80164 /* Localizable.strings */,
				FBB8F6DB03BFE6E500A8016B /* Programmatic.strings */,
				F59FF425032134BD01A80175 /* Credits.html */,
				F538C3C5023496DC01A80164 /* Images */,
				F5DE3CD602CAE98601A80164 /* finkcommander.icns */,
				F531463F022C801601A80164 /* fpkg_list.pl */,
				F56200A902FC768601A80164 /* FinkCommander Help */,
			);
			name = Resources;
			sourceTree = "<group>";
		};
		F538C3C5023496DC01A80164 /* Images */ = {
			isa = PBXGroup;
			children = (
				F538C3C1023495CF01A80164 /* reverse.tiff */,
				F538C3C2023495CF01A80164 /* normal.tiff */,
				F59BDD90026817BF01A80164 /* addsrc.tiff */,
				F554F1D80266AA4B01A80164 /* addbin.tiff */,
				FBCD47CD03C60D9A00A80164 /* bomb.tiff */,
				FBCD47CE03C60D9A00A80164 /* browse.tiff */,
				F542437B028CE53E01A80166 /* cvs.tiff */,
				F50C7FBB026BD8BD01A80164 /* delsrc.tiff */,
				F50C7FBD026BD92B01A80164 /* delbin.tiff */,
				F53D651F02802F3101A80164 /* describe.tiff */,
				FBCD47D103C60DB000A80164 /* doc.tiff */,
				F5897AAA02C6E37B01A80166 /* email.tiff */,
				FBEE855703B4E18400A80164 /* flag.tiff */,
				FBEE855803B4E18400A80164 /* header_flag.tiff */,
				F5B9D9EA02B232D501A8016B /* hand.tiff */,
				F57E59C103A9ABBA01A80165 /* info.tiff */,
				F53D651D0280296801A80164 /* interact.tiff */,
				F53649810388930201A80164 /* negemail.tiff */,
				F5364A1A0388964301A80164 /* posemail.tiff */,
				F5B9D9F402B3D67A01A8016B /* number.tiff */,
				F5D01DAA03636FB201A80165 /* termcvs.tiff */,
				F50A22290296AB2801A80166 /* terminate.tiff */,
				F5D01DAC03636FC001A80165 /* terminstall.tiff */,
				F5B9D9F502B3D67A01A8016B /* title.tiff */,
				F542437D028CE54B01A80166 /* update.tiff */,
				F50DF7770359464F01A8016C /* updateall.tiff */,
				F542437F028CE59801A80166 /* updatebin.tiff */,
				F5CA48B00394730301A80164 /* finkcommanderatwork.icns */,
			);
			name = Images;
			sourceTree = "<group>";
		};
		F53B283802879DF201A80164 /* Categories */ = {
			isa = PBXGroup;
			children = (
				F536C03E0280F24501A80164 /* SBString.h */,
				F536C03F0280F24501A80164 /* SBString.m */,
				FBD2DBD603BAA14500A80165 /* SBMutableAttributedString.h */,
				FBD2DBD703BAA14500A80165 /* SBMutableAttributedString.m */,
			);
			name = Categories;
			sourceTree = "<group>";
		};
		F54A055E029C9F0101A80166 /* FC Headers */ = {
			isa = PBXGroup;
			children = (
				F53369F50218261B01A80165 /* FinkController.h */,
				F55FBB1D02F3B8C901A80164 /* FinkData.h */,
				F527284C0221B4E801A80164 /* FinkPackage.h */,
				F54BD02702D549F101A80165 /* FinkOutputParser.h */,
				F5607A9702CE125E01A80164 /* FinkTableView.h */,
				F512CBEF02E6749301BD3D51 /* FinkTextViewController.h */,
				F53B4D42031079C801A80164 /* FinkSplitView.h */,
				F5019E9903625D4201A80165 /* FinkToolbar.h */,
				F5375A680246DDDC01A80164 /* FinkPreferences.h */,
				F54436B8027F6AD501A80164 /* FinkConf.h */,
				F5C523D802A326B701A80165 /* FinkPackageInfo.h */,
				F55FF54B02CFC96301A80164 /* FinkInstallationInfo.h */,
				F55407ED035D0C8601A80170 /* FinkWarningDialog.h */,
			);
			name = "FC Headers";
			sourceTree = "<group>";
		};
		F5BBDFAC023AF87D01A80164 /* Documentation */ = {
			isa = PBXGroup;
			children = (
				FB7F568F03F8C24E00A8016A /* TRANSLATION_STEPS.txt */,
				F55057270231E5F701A80164 /* LICENSE.txt */,
				C77360DD03E9D21200EE6D09 /* README.html */,
				F501F21202FDF20001A80164 /* RELEASE_STEPS.txt */,
				F5BBDFAF023AF89301A80164 /* TODO.txt */,
				F54A669802DA8F3701A80165 /* VERSION_HISTORY.html */,
			);
			name = Documentation;
			sourceTree = "<group>";
		};
		F5C94460039C68BC01A80164 /* SBTree Files */ = {
			isa = PBXGroup;
			children = (
				F5F99D8503AC1F8101A80165 /* Headers */,
				F5F99D8603AC1F8D01A80165 /* Classes */,
				F5CB063C03B03E5E01A80165 /* Other Sources */,
				F50EC0D503A0464101A80165 /* Date.strings */,
				FB84A70903C93AF400A80164 /* SBTree.strings */,
				F5C9446D039C6BE201A80164 /* TreeView.nib */,
				F5F99DB803AD5AC401A80165 /* browser.tiff */,
				F5F99DB603AD4F4D01A80165 /* outline.tiff */,
			);
			name = "SBTree Files";
			sourceTree = "<group>";
		};
		F5CB063C03B03E5E01A80165 /* Other Sources */ = {
			isa = PBXGroup;
			children = (
				FBC8654F03BABC0400A80165 /* SBUtilities.h */,
				FBC8655003BABC0400A80165 /* SBUtilities.m */,
			);
			name = "Other Sources";
			sourceTree = "<group>";
		};
		F5CC7614039F16B901A80165 /* Other Classes */ = {
			isa = PBXGroup;
			children = (
				F5F8FA550331965D01A80166 /* AuthorizedExecutable.h */,
				F5F8FA570331966401A80166 /* AuthorizedExecutable.m */,
				F5B9D9EC02B2B13501A8016B /* MyTextView.h */,
				F5B9D9E402B1D61C01A8016B /* MyTextView.m */,
			);
			name = "Other Classes";
			sourceTree = "<group>";
		};
		F5F99D8503AC1F8101A80165 /* Headers */ = {
			isa = PBXGroup;
			children = (
				F5CC761D039F174E01A80165 /* SBTreeWindowManager.h */,
				F5CC761B039F174E01A80165 /* SBTreeWindowController.h */,
				F5CC7617039F174E01A80165 /* SBFileItemTree.h */,
				F50EC36503A0559001A80165 /* SBFileItem.h */,
				F5CC7619039F174E01A80165 /* SBOutlineViewController.h */,
				FBCD472903C6070000A80164 /* SBOutlineView.h */,
				FBCD472B03C6070E00A80164 /* SBBrowserCell.h */,
				F5CC765C039F19D801A80165 /* SBDateColumnController.h */,
				F5CC7615039F174E01A80165 /* SBBrowserView.h */,
				F57E59B403A998D701A80165 /* SBBrowserMatrix.h */,
			);
			name = Headers;
			sourceTree = "<group>";
		};
		F5F99D8603AC1F8D01A80165 /* Classes */ = {
			isa = PBXGroup;
			children = (
				F5CC761E039F174E01A80165 /* SBTreeWindowManager.m */,
				F5CC761C039F174E01A80165 /* SBTreeWindowController.m */,
				F5CC7618039F174E01A80165 /* SBFileItemTree.m */,
				F50EC36603A0559001A80165 /* SBFileItem.m */,
				F5CC761A039F174E01A80165 /* SBOutlineViewController.m */,
				FBCD45F003C5FF3100A80164 /* SBOutlineView.m */,
				F5CC765D039F19D801A80165 /* SBDateColumnController.m */,
				FBCD45EF03C5FF3100A80164 /* SBBrowserCell.m */,
				F5CC7616039F174E01A80165 /* SBBrowserView.m */,
				F57E59B503A998D701A80165 /* SBBrowserMatrix.m */,
			);
			name = Classes;
			sourceTree = "<group>";
		};
/* End PBXGroup section */

/* Begin PBXHeadersBuildPhase section */
		59E0405E09CDC73B001280FD /* Headers */ = {
			isa = PBXHeadersBuildPhase;
			buildActionMask = 2147483647;
			files = (
				59E0405F09CDC73B001280FD /* Launcher.h in Headers */,
				59E0406009CDC73B001280FD /* Debugging.h in Headers */,
			);
			runOnlyForDeploymentPostprocessing = 0;
		};
/* End PBXHeadersBuildPhase section */

/* Begin PBXNativeTarget section */
		59E03FDE09CDC73B001280FD /* FinkCommander */ = {
			isa = PBXNativeTarget;
			buildConfigurationList = 59E0405609CDC73B001280FD /* Build configuration list for PBXNativeTarget "FinkCommander" */;
			buildPhases = (
				65526E6D1A4290BE002AC34B /* ShellScript */,
				59E0400109CDC73B001280FD /* Resources */,
				59E0403009CDC73B001280FD /* Sources */,
				59E0405409CDC73B001280FD /* CopyFiles */,
			);
			buildRules = (
			);
			dependencies = (
				59E0406F09CDC73C001280FD /* PBXTargetDependency */,
			);
			name = FinkCommander;
			productInstallPath = /Applications;
			productName = FinkTable;
			productReference = 59E0405B09CDC73B001280FD /* FinkCommander.app */;
			productType = "com.apple.product-type.application";
		};
		59E0405D09CDC73B001280FD /* Launcher */ = {
			isa = PBXNativeTarget;
			buildConfigurationList = 59E0406809CDC73B001280FD /* Build configuration list for PBXNativeTarget "Launcher" */;
			buildPhases = (
				59E0405E09CDC73B001280FD /* Headers */,
				59E0406109CDC73B001280FD /* Sources */,
				59E0406409CDC73B001280FD /* Frameworks */,
				59E0406709CDC73B001280FD /* Rez */,
			);
			buildRules = (
			);
			dependencies = (
			);
			name = Launcher;
			productInstallPath = /usr/local/bin;
			productName = Launcher;
			productReference = 59E0406C09CDC73C001280FD /* Launcher */;
			productType = "com.apple.product-type.tool";
		};
/* End PBXNativeTarget section */

/* Begin PBXProject section */
		29B97313FDCFA39411CA2CEA /* Project object */ = {
			isa = PBXProject;
			attributes = {
				LastUpgradeCheck = 0610;
			};
			buildConfigurationList = F200074F08ED3CB4004A31F7 /* Build configuration list for PBXProject "FinkCommander" */;
			compatibilityVersion = "Xcode 3.2";
			developmentRegion = English;
			hasScannedForEncodings = 1;
			knownRegions = (
				English,
				Japanese,
				French,
				German,
				Spanish,
			);
			mainGroup = 29B97314FDCFA39411CA2CEA /* FinkTable */;
			projectDirPath = "";
			projectRoot = "";
			targets = (
				59E03FDE09CDC73B001280FD /* FinkCommander */,
				59E0405D09CDC73B001280FD /* Launcher */,
			);
		};
/* End PBXProject section */

/* Begin PBXResourcesBuildPhase section */
		59E0400109CDC73B001280FD /* Resources */ = {
			isa = PBXResourcesBuildPhase;
			buildActionMask = 2147483647;
			files = (
				59E0400209CDC73B001280FD /* MainMenu.nib in Resources */,
				59E0400309CDC73B001280FD /* InfoPlist.strings in Resources */,
				59E0400409CDC73B001280FD /* fpkg_list.pl in Resources */,
				59E0400509CDC73B001280FD /* reverse.tiff in Resources */,
				59E0400609CDC73B001280FD /* normal.tiff in Resources */,
				59E0400709CDC73B001280FD /* Preferences.nib in Resources */,
				59E0400809CDC73B001280FD /* addbin.tiff in Resources */,
				59E0400909CDC73B001280FD /* addsrc.tiff in Resources */,
				59E0400A09CDC73B001280FD /* delsrc.tiff in Resources */,
				59E0400B09CDC73B001280FD /* delbin.tiff in Resources */,
				59E0400C09CDC73B001280FD /* FinkCommander Help in Resources */,
				59E0400D09CDC73B001280FD /* interact.tiff in Resources */,
				59E0400E09CDC73B001280FD /* describe.tiff in Resources */,
				59E0400F09CDC73B001280FD /* cvs.tiff in Resources */,
				59E0401009CDC73B001280FD /* update.tiff in Resources */,
				59E0401109CDC73B001280FD /* updatebin.tiff in Resources */,
				59E0401209CDC73B001280FD /* terminate.tiff in Resources */,
				59E0401309CDC73B001280FD /* hand.tiff in Resources */,
				59E0401409CDC73B001280FD /* number.tiff in Resources */,
				59E0401509CDC73B001280FD /* title.tiff in Resources */,
				59E0401609CDC73B001280FD /* Credits.html in Resources */,
				59E0401709CDC73B001280FD /* email.tiff in Resources */,
				59E0401809CDC73B001280FD /* finkcommander.icns in Resources */,
				59E0401909CDC73B001280FD /* Localizable.strings in Resources */,
				59E0401A09CDC73B001280FD /* UserDefaults.plist in Resources */,
				59E0401B09CDC73B001280FD /* Toolbar.plist in Resources */,
				59E0401C09CDC73B001280FD /* updateall.tiff in Resources */,
				59E0401D09CDC73B001280FD /* Dialogs.nib in Resources */,
				59E0401E09CDC73B001280FD /* termcvs.tiff in Resources */,
				59E0401F09CDC73B001280FD /* terminstall.tiff in Resources */,
				59E0402009CDC73B001280FD /* negemail.tiff in Resources */,
				59E0402109CDC73B001280FD /* posemail.tiff in Resources */,
				59E0402209CDC73B001280FD /* finkcommanderatwork.icns in Resources */,
				59E0402309CDC73B001280FD /* TreeView.nib in Resources */,
				59E0402409CDC73B001280FD /* Date.strings in Resources */,
				59E0402509CDC73B001280FD /* info.tiff in Resources */,
				59E0402609CDC73B001280FD /* outline.tiff in Resources */,
				59E0402709CDC73B001280FD /* browser.tiff in Resources */,
				59E0402809CDC73B001280FD /* flag.tiff in Resources */,
				59E0402909CDC73B001280FD /* header_flag.tiff in Resources */,
				59E0402A09CDC73B001280FD /* Programmatic.strings in Resources */,
				59E0402B09CDC73B001280FD /* bomb.tiff in Resources */,
				59E0402C09CDC73B001280FD /* browse.tiff in Resources */,
				59E0402D09CDC73B001280FD /* doc.tiff in Resources */,
				59E0402E09CDC73B001280FD /* SBTree.strings in Resources */,
				59E0402F09CDC73B001280FD /* PackageInfo.nib in Resources */,
			);
			runOnlyForDeploymentPostprocessing = 0;
		};
/* End PBXResourcesBuildPhase section */

/* Begin PBXRezBuildPhase section */
		59E0406709CDC73B001280FD /* Rez */ = {
			isa = PBXRezBuildPhase;
			buildActionMask = 2147483647;
			files = (
			);
			runOnlyForDeploymentPostprocessing = 0;
		};
/* End PBXRezBuildPhase section */

/* Begin PBXShellScriptBuildPhase section */
		65526E6D1A4290BE002AC34B /* ShellScript */ = {
			isa = PBXShellScriptBuildPhase;
			buildActionMask = 2147483647;
			files = (
			);
			inputPaths = (
			);
			outputPaths = (
			);
			runOnlyForDeploymentPostprocessing = 0;
			shellPath = /bin/sh;
			shellScript = "./autorevision/autorevision.sh -t xcode -o autorevision.cache >InfoPlist.h\n/usr/bin/perl -pi -e \"s/v(\\d+\\.\\d+\\.\\d+)/\\1/\" InfoPlist.h";
		};
/* End PBXShellScriptBuildPhase section */

/* Begin PBXSourcesBuildPhase section */
		59E0403009CDC73B001280FD /* Sources */ = {
			isa = PBXSourcesBuildPhase;
			buildActionMask = 2147483647;
			files = (
				59E0403109CDC73B001280FD /* main.m in Sources */,
				59E0403209CDC73B001280FD /* FinkPackage.m in Sources */,
				59E0403309CDC73B001280FD /* FinkPreferences.m in Sources */,
				59E0403409CDC73B001280FD /* FinkConf.m in Sources */,
				59E0403509CDC73B001280FD /* SBString.m in Sources */,
				59E0403609CDC73B001280FD /* FinkController.m in Sources */,
				59E0403709CDC73B001280FD /* MyTextView.m in Sources */,
				59E0403809CDC73B001280FD /* FinkGlobals.m in Sources */,
				59E0403909CDC73B001280FD /* FinkPackageInfo.m in Sources */,
				59E0403A09CDC73B001280FD /* FinkTableView.m in Sources */,
				59E0403B09CDC73B001280FD /* FinkInstallationInfo.m in Sources */,
				59E0403C09CDC73B001280FD /* FinkOutputParser.m in Sources */,
				59E0403D09CDC73B001280FD /* FinkTextViewController.m in Sources */,
				59E0403E09CDC73B001280FD /* FinkUtilities.m in Sources */,
				59E0403F09CDC73B001280FD /* FinkData.m in Sources */,
				59E0404009CDC73B001280FD /* FinkSplitView.m in Sources */,
				59E0404109CDC73B001280FD /* AuthorizedExecutable.m in Sources */,
				59E0404209CDC73B001280FD /* FinkWarningDialog.m in Sources */,
				59E0404309CDC73B001280FD /* FinkToolbar.m in Sources */,
				59E0404409CDC73B001280FD /* SBFileItemTree.m in Sources */,
				59E0404509CDC73B001280FD /* SBOutlineViewController.m in Sources */,
				59E0404609CDC73B001280FD /* SBTreeWindowController.m in Sources */,
				59E0404709CDC73B001280FD /* SBTreeWindowManager.m in Sources */,
				59E0404809CDC73B001280FD /* SBDateColumnController.m in Sources */,
				59E0404909CDC73B001280FD /* SBFileItem.m in Sources */,
				59E0404A09CDC73B001280FD /* SBBrowserView.m in Sources */,
				59E0404B09CDC73B001280FD /* SBBrowserMatrix.m in Sources */,
				59E0404C09CDC73B001280FD /* SBMutableAttributedString.m in Sources */,
				59E0404D09CDC73B001280FD /* SBUtilities.m in Sources */,
				59E0404E09CDC73B001280FD /* SBBrowserCell.m in Sources */,
				59E0404F09CDC73B001280FD /* SBOutlineView.m in Sources */,
			);
			runOnlyForDeploymentPostprocessing = 0;
		};
		59E0406109CDC73B001280FD /* Sources */ = {
			isa = PBXSourcesBuildPhase;
			buildActionMask = 2147483647;
			files = (
				59E0406209CDC73B001280FD /* getpath.c in Sources */,
				59E0406309CDC73B001280FD /* Launcher.c in Sources */,
			);
			runOnlyForDeploymentPostprocessing = 0;
		};
/* End PBXSourcesBuildPhase section */

/* Begin PBXTargetDependency section */
		59E0406F09CDC73C001280FD /* PBXTargetDependency */ = {
			isa = PBXTargetDependency;
			target = 59E0405D09CDC73B001280FD /* Launcher */;
			targetProxy = 59E0406E09CDC73C001280FD /* PBXContainerItemProxy */;
		};
/* End PBXTargetDependency section */

/* Begin PBXVariantGroup section */
		089C165CFE840E0CC02AAC07 /* InfoPlist.strings */ = {
			isa = PBXVariantGroup;
			children = (
				089C165DFE840E0CC02AAC07 /* English */,
				F53B4D0A031033D401A80164 /* German */,
				557B5389108D37C700367D4E /* Japanese */,
			);
			name = InfoPlist.strings;
			sourceTree = "<group>";
		};
		29B97318FDCFA39411CA2CEA /* MainMenu.nib */ = {
			isa = PBXVariantGroup;
			children = (
				29B97319FDCFA39411CA2CEA /* English */,
				F5CC37130304F27C01A80164 /* German */,
				557B53BA108D393500367D4E /* Japanese */,
			);
			name = MainMenu.nib;
			sourceTree = "<group>";
		};
		C77360DD03E9D21200EE6D09 /* README.html */ = {
			isa = PBXVariantGroup;
			children = (
				F5D5018B0342BADE01A80165 /* English */,
				C77360DE03E9D23200EE6D09 /* German */,
			);
			name = README.html;
			sourceTree = "<group>";
		};
		F2C4F1D5084361C400CA6079 /* PackageInfo.nib */ = {
			isa = PBXVariantGroup;
			children = (
				F2C4F1D6084361C400CA6079 /* English */,
				F28A84610843648B00E529E9 /* French */,
			);
			name = PackageInfo.nib;
			sourceTree = "<group>";
		};
		F50EC0D503A0464101A80165 /* Date.strings */ = {
			isa = PBXVariantGroup;
			children = (
				F50EC0D303A0463201A80165 /* Date.strings */,
				F50EC0D703A0465701A80165 /* German */,
			);
			name = Date.strings;
			sourceTree = "<group>";
		};
		F5375A6C0246DE1901A80164 /* Preferences.nib */ = {
			isa = PBXVariantGroup;
			children = (
				F5375A6D0246DE1901A80164 /* English */,
				F5CC37160304F2A201A80164 /* German */,
				557B53BB108D394100367D4E /* Japanese */,
			);
			name = Preferences.nib;
			sourceTree = "<group>";
		};
		F53B4D0503100C3501A80164 /* Toolbar.plist */ = {
			isa = PBXVariantGroup;
			children = (
				F53B4CA303100C0E01A80164 /* Toolbar.plist */,
				F53B4D0803100C5101A80164 /* German */,
				557B5387108D37AC00367D4E /* Japanese */,
			);
			name = Toolbar.plist;
			sourceTree = "<group>";
		};
		F55407F5035D334001A80170 /* Dialogs.nib */ = {
			isa = PBXVariantGroup;
			children = (
				F55407F6035D334001A80170 /* English */,
				F5128EE803665EE101A80166 /* German */,
				557B53B9108D392700367D4E /* Japanese */,
			);
			name = Dialogs.nib;
			sourceTree = "<group>";
		};
		F56200A902FC768601A80164 /* FinkCommander Help */ = {
			isa = PBXVariantGroup;
			children = (
				F5C1B062026BFA2501A80164 /* English */,
				F5DABE8B03359EF601FEFA3F /* German */,
				557B5391108D380A00367D4E /* Japanese */,
			);
			name = "FinkCommander Help";
			sourceTree = "<group>";
		};
		F568C4A202FC9D6101A80164 /* Localizable.strings */ = {
			isa = PBXVariantGroup;
			children = (
				F568C4A302FC9D6101A80164 /* English */,
				F5D3EE420336DD8B01A80165 /* German */,
				557B538A108D37D600367D4E /* Japanese */,
			);
			name = Localizable.strings;
			sourceTree = "<group>";
		};
		F59FF425032134BD01A80175 /* Credits.html */ = {
			isa = PBXVariantGroup;
			children = (
				F59FF428032134D901A80175 /* German */,
			);
			name = Credits.html;
			sourceTree = "<group>";
		};
		F5C9446D039C6BE201A80164 /* TreeView.nib */ = {
			isa = PBXVariantGroup;
			children = (
				F5C9446E039C6BE201A80164 /* English */,
				FB084B8303DBA6EE00A8016C /* German */,
			);
			name = TreeView.nib;
			sourceTree = "<group>";
		};
		FB7F568F03F8C24E00A8016A /* TRANSLATION_STEPS.txt */ = {
			isa = PBXVariantGroup;
			children = (
				FB7F569003F8C24E00A8016A /* German */,
			);
			name = TRANSLATION_STEPS.txt;
			sourceTree = "<group>";
		};
		FB84A70903C93AF400A80164 /* SBTree.strings */ = {
			isa = PBXVariantGroup;
			children = (
				FB84A70A03C93AF400A80164 /* SBTree.strings */,
				FB84A70F03C93D9C00A80164 /* SBTree.strings */,
			);
			name = SBTree.strings;
			sourceTree = "<group>";
		};
		FBB8F6DB03BFE6E500A8016B /* Programmatic.strings */ = {
			isa = PBXVariantGroup;
			children = (
				FBB8F6D903BFE6D000A8016B /* English */,
				FBB8F6DD03BFE6FF00A8016B /* German */,
				557B538B108D37EC00367D4E /* Japanese */,
			);
			name = Programmatic.strings;
			sourceTree = "<group>";
		};
/* End PBXVariantGroup section */

/* Begin XCBuildConfiguration section */
		59E0405709CDC73B001280FD /* Debug */ = {
			isa = XCBuildConfiguration;
			buildSettings = {
				CLANG_ENABLE_OBJC_ARC = YES;
				CLANG_WARN_DIRECT_OBJC_ISA_USAGE = YES_ERROR;
				CLANG_WARN_EMPTY_BODY = YES;
				CLANG_WARN_OBJC_ROOT_CLASS = YES_ERROR;
				CLANG_WARN_SUSPICIOUS_IMPLICIT_CONVERSION = YES;
				CLANG_WARN_UNREACHABLE_CODE = YES;
				CLANG_WARN__DUPLICATE_METHOD_MATCH = YES;
				COMBINE_HIDPI_IMAGES = YES;
				COPY_PHASE_STRIP = NO;
				ENABLE_STRICT_OBJC_MSGSEND = YES;
				FRAMEWORK_SEARCH_PATHS = "";
				GCC_DYNAMIC_NO_PIC = NO;
				GCC_ENABLE_FIX_AND_CONTINUE = YES;
				GCC_GENERATE_DEBUGGING_SYMBOLS = YES;
				GCC_OPTIMIZATION_LEVEL = 0;
				GCC_PRECOMPILE_PREFIX_HEADER = NO;
				GCC_PREFIX_HEADER = "";
				GCC_PREPROCESSOR_DEFINITIONS = (
					DEBUGGING,
					"DEBUG=1",
				);
				GCC_VERSION = com.apple.compilers.llvm.clang.1_0;
				GCC_WARN_64_TO_32_BIT_CONVERSION = YES;
				GCC_WARN_ABOUT_RETURN_TYPE = YES_ERROR;
				GCC_WARN_UNDECLARED_SELECTOR = YES;
				GCC_WARN_UNINITIALIZED_AUTOS = YES_AGGRESSIVE;
				GCC_WARN_UNKNOWN_PRAGMAS = NO;
				GCC_WARN_UNUSED_FUNCTION = YES;
				GCC_WARN_UNUSED_VARIABLE = YES;
				HEADER_SEARCH_PATHS = "";
				INFOPLIST_FILE = Info.plist;
				INFOPLIST_PREFIX_HEADER = InfoPlist.h;
				INFOPLIST_PREPROCESS = YES;
				INSTALL_PATH = /Applications;
				LIBRARY_SEARCH_PATHS = "";
				OTHER_CFLAGS = "";
				OTHER_LDFLAGS = "";
				PRODUCT_NAME = FinkCommander;
				SECTORDER_FLAGS = "";
				WARNING_CFLAGS = "";
				WRAPPER_EXTENSION = app;
				ZERO_LINK = YES;
			};
			name = Debug;
		};
		59E0405809CDC73B001280FD /* Release */ = {
			isa = XCBuildConfiguration;
			buildSettings = {
				CLANG_ENABLE_OBJC_ARC = YES;
				CLANG_WARN_DIRECT_OBJC_ISA_USAGE = YES_ERROR;
				CLANG_WARN_EMPTY_BODY = YES;
				CLANG_WARN_OBJC_ROOT_CLASS = YES_ERROR;
				CLANG_WARN_SUSPICIOUS_IMPLICIT_CONVERSION = YES;
				CLANG_WARN_UNREACHABLE_CODE = YES;
				CLANG_WARN__DUPLICATE_METHOD_MATCH = YES;
				COMBINE_HIDPI_IMAGES = YES;
				COPY_PHASE_STRIP = YES;
				ENABLE_NS_ASSERTIONS = NO;
				ENABLE_STRICT_OBJC_MSGSEND = YES;
				FRAMEWORK_SEARCH_PATHS = "";
				GCC_ENABLE_FIX_AND_CONTINUE = NO;
				GCC_PRECOMPILE_PREFIX_HEADER = NO;
				GCC_PREFIX_HEADER = "";
				GCC_VERSION = com.apple.compilers.llvm.clang.1_0;
				GCC_WARN_64_TO_32_BIT_CONVERSION = YES;
				GCC_WARN_ABOUT_RETURN_TYPE = YES_ERROR;
				GCC_WARN_UNDECLARED_SELECTOR = YES;
				GCC_WARN_UNINITIALIZED_AUTOS = YES_AGGRESSIVE;
				GCC_WARN_UNKNOWN_PRAGMAS = NO;
				GCC_WARN_UNUSED_FUNCTION = YES;
				GCC_WARN_UNUSED_VARIABLE = YES;
				HEADER_SEARCH_PATHS = "";
				INFOPLIST_FILE = Info.plist;
				INFOPLIST_PREFIX_HEADER = InfoPlist.h;
				INFOPLIST_PREPROCESS = YES;
				INSTALL_PATH = /Applications;
				LIBRARY_SEARCH_PATHS = "";
				OTHER_CFLAGS = "";
				OTHER_LDFLAGS = "";
				PRODUCT_NAME = FinkCommander;
				SECTORDER_FLAGS = "";
				WARNING_CFLAGS = "";
				WRAPPER_EXTENSION = app;
				ZERO_LINK = NO;
			};
			name = Release;
		};
		59E0406909CDC73B001280FD /* Debug */ = {
			isa = XCBuildConfiguration;
			buildSettings = {
				CLANG_ENABLE_OBJC_ARC = YES;
				COPY_PHASE_STRIP = NO;
				GCC_DYNAMIC_NO_PIC = NO;
				GCC_ENABLE_FIX_AND_CONTINUE = YES;
				GCC_GENERATE_DEBUGGING_SYMBOLS = YES;
				GCC_OPTIMIZATION_LEVEL = 0;
				GCC_PRECOMPILE_PREFIX_HEADER = NO;
				GCC_PREFIX_HEADER = "";
				GCC_PREPROCESSOR_DEFINITIONS = DEBUGGING;
				GCC_VERSION = com.apple.compilers.llvm.clang.1_0;
				OTHER_CFLAGS = "";
				OTHER_LDFLAGS = "";
				OTHER_REZFLAGS = "";
				PRODUCT_NAME = Launcher;
				REZ_EXECUTABLE = YES;
				SECTORDER_FLAGS = "";
				WARNING_CFLAGS = (
					"-Wmost",
					"-Wno-four-char-constants",
					"-Wno-unknown-pragmas",
				);
				ZERO_LINK = YES;
			};
			name = Debug;
		};
		59E0406A09CDC73B001280FD /* Release */ = {
			isa = XCBuildConfiguration;
			buildSettings = {
				CLANG_ENABLE_OBJC_ARC = YES;
				COPY_PHASE_STRIP = YES;
				GCC_ENABLE_FIX_AND_CONTINUE = NO;
				GCC_PRECOMPILE_PREFIX_HEADER = NO;
				GCC_PREFIX_HEADER = "";
				GCC_VERSION = com.apple.compilers.llvm.clang.1_0;
				OTHER_CFLAGS = "";
				OTHER_LDFLAGS = "";
				OTHER_REZFLAGS = "";
				PRODUCT_NAME = Launcher;
				REZ_EXECUTABLE = YES;
				SECTORDER_FLAGS = "";
				WARNING_CFLAGS = (
					"-Wmost",
					"-Wno-four-char-constants",
					"-Wno-unknown-pragmas",
				);
				ZERO_LINK = NO;
			};
			name = Release;
		};
		F200075008ED3CB4004A31F7 /* Debug */ = {
			isa = XCBuildConfiguration;
			buildSettings = {
				CLANG_ENABLE_MODULES = YES;
				DEBUG_INFORMATION_FORMAT = dwarf;
				GCC_PRECOMPILE_PREFIX_HEADER = YES;
				GCC_PREFIX_HEADER = FCPrefix.pch;
				GCC_VERSION = "";
				MACH_O_TYPE = mh_execute;
				MACOSX_DEPLOYMENT_TARGET = 10.8;
				ONLY_ACTIVE_ARCH = YES;
				RUN_CLANG_STATIC_ANALYZER = YES;
				SDKROOT = macosx;
			};
			name = Debug;
		};
		F200075108ED3CB4004A31F7 /* Release */ = {
			isa = XCBuildConfiguration;
			buildSettings = {
				CLANG_ENABLE_MODULES = YES;
				DEBUG_INFORMATION_FORMAT = dwarf;
				GCC_PRECOMPILE_PREFIX_HEADER = YES;
				GCC_PREFIX_HEADER = FCPrefix.pch;
				GCC_VERSION = "";
				MACH_O_TYPE = mh_execute;
				MACOSX_DEPLOYMENT_TARGET = 10.8;
				RUN_CLANG_STATIC_ANALYZER = YES;
				SDKROOT = macosx;
			};
			name = Release;
		};
/* End XCBuildConfiguration section */

/* Begin XCConfigurationList section */
		59E0405609CDC73B001280FD /* Build configuration list for PBXNativeTarget "FinkCommander" */ = {
			isa = XCConfigurationList;
			buildConfigurations = (
				59E0405709CDC73B001280FD /* Debug */,
				59E0405809CDC73B001280FD /* Release */,
			);
			defaultConfigurationIsVisible = 0;
			defaultConfigurationName = Debug;
		};
		59E0406809CDC73B001280FD /* Build configuration list for PBXNativeTarget "Launcher" */ = {
			isa = XCConfigurationList;
			buildConfigurations = (
				59E0406909CDC73B001280FD /* Debug */,
				59E0406A09CDC73B001280FD /* Release */,
			);
			defaultConfigurationIsVisible = 0;
			defaultConfigurationName = Debug;
		};
		F200074F08ED3CB4004A31F7 /* Build configuration list for PBXProject "FinkCommander" */ = {
			isa = XCConfigurationList;
			buildConfigurations = (
				F200075008ED3CB4004A31F7 /* Debug */,
				F200075108ED3CB4004A31F7 /* Release */,
			);
			defaultConfigurationIsVisible = 0;
			defaultConfigurationName = Debug;
		};
/* End XCConfigurationList section */
	};
	rootObject = 29B97313FDCFA39411CA2CEA /* Project object */;
}
